{
  "version": 4,
  "terraform_version": "1.0.7",
  "serial": 5,
  "lineage": "ed47de1c-19a8-6a18-c587-ca67c871900f",
  "outputs": {},
  "resources": [
    {
      "module": "module.alb_sg",
      "mode": "managed",
      "type": "aws_security_group",
      "name": "this",
      "provider": "provider[\"registry.terraform.io/hashicorp/aws\"]",
      "instances": [
        {
          "schema_version": 1,
          "attributes": {
            "arn": "arn:aws:ec2:us-east-1:383798767483:security-group/sg-0fb58dfa70d3919fb",
            "description": "alb security group",
            "egress": [
              {
                "cidr_blocks": [
                  "0.0.0.0/0"
                ],
                "description": "",
                "from_port": 0,
                "ipv6_cidr_blocks": [],
                "prefix_list_ids": [],
                "protocol": "-1",
                "security_groups": [],
                "self": false,
                "to_port": 0
              }
            ],
            "id": "sg-0fb58dfa70d3919fb",
            "ingress": [
              {
                "cidr_blocks": [
                  "0.0.0.0/0"
                ],
                "description": "Allow HTTP traffic from internet",
                "from_port": 80,
                "ipv6_cidr_blocks": [],
                "prefix_list_ids": [],
                "protocol": "tcp",
                "security_groups": [],
                "self": false,
                "to_port": 80
              },
              {
                "cidr_blocks": [
                  "0.0.0.0/0"
                ],
                "description": "Allow HTTPS traffic from internet",
                "from_port": 443,
                "ipv6_cidr_blocks": [],
                "prefix_list_ids": [],
                "protocol": "tcp",
                "security_groups": [],
                "self": false,
                "to_port": 443
              }
            ],
            "name": "alb-sg",
            "name_prefix": "",
            "owner_id": "383798767483",
            "revoke_rules_on_delete": false,
            "tags": {
              "Environment": "dev",
              "Name": "dev-mahalohub-alb-sg",
              "Terraform": "Yes"
            },
            "tags_all": {
              "Environment": "dev",
              "Name": "dev-mahalohub-alb-sg",
              "Terraform": "Yes"
            },
            "timeouts": null,
            "vpc_id": "vpc-071c5ea6f5f888c9a"
          },
          "sensitive_attributes": [],
          "private": "eyJlMmJmYjczMC1lY2FhLTExZTYtOGY4OC0zNDM2M2JjN2M0YzAiOnsiY3JlYXRlIjo2MDAwMDAwMDAwMDAsImRlbGV0ZSI6OTAwMDAwMDAwMDAwfSwic2NoZW1hX3ZlcnNpb24iOiIxIn0=",
          "dependencies": [
            "module.vpc.module.vpc.aws_vpc.this"
          ],
          "create_before_destroy": true
        }
      ]
    },
    {
      "module": "module.alb_sg",
      "mode": "managed",
      "type": "aws_security_group_rule",
      "name": "egress_rules",
      "provider": "provider[\"registry.terraform.io/hashicorp/aws\"]",
      "instances": [
        {
          "index_key": 0,
          "schema_version": 2,
          "attributes": {
            "cidr_blocks": [
              "0.0.0.0/0"
            ],
            "description": "",
            "from_port": 0,
            "id": "sgrule-4192761206",
            "ipv6_cidr_blocks": null,
            "prefix_list_ids": null,
            "protocol": "-1",
            "security_group_id": "sg-0fb58dfa70d3919fb",
            "security_group_rule_id": "sgr-03b7047fa5d7f4bc7",
            "self": false,
            "source_security_group_id": null,
            "timeouts": null,
            "to_port": 0,
            "type": "egress"
          },
          "sensitive_attributes": [],
          "private": "eyJlMmJmYjczMC1lY2FhLTExZTYtOGY4OC0zNDM2M2JjN2M0YzAiOnsiY3JlYXRlIjozMDAwMDAwMDAwMDB9LCJzY2hlbWFfdmVyc2lvbiI6IjIifQ==",
          "dependencies": [
            "module.alb_sg.aws_security_group.this",
            "module.vpc.module.vpc.aws_vpc.this"
          ]
        }
      ]
    },
    {
      "module": "module.alb_sg",
      "mode": "managed",
      "type": "aws_security_group_rule",
      "name": "ingress_rules",
      "provider": "provider[\"registry.terraform.io/hashicorp/aws\"]",
      "instances": [
        {
          "index_key": 0,
          "schema_version": 2,
          "attributes": {
            "cidr_blocks": [
              "0.0.0.0/0"
            ],
            "description": "Allow HTTP traffic from internet",
            "from_port": 80,
            "id": "sgrule-2426374243",
            "ipv6_cidr_blocks": null,
            "prefix_list_ids": null,
            "protocol": "tcp",
            "security_group_id": "sg-0fb58dfa70d3919fb",
            "security_group_rule_id": "sgr-027f02dd087db5c1a",
            "self": false,
            "source_security_group_id": null,
            "timeouts": null,
            "to_port": 80,
            "type": "ingress"
          },
          "sensitive_attributes": [],
          "private": "eyJlMmJmYjczMC1lY2FhLTExZTYtOGY4OC0zNDM2M2JjN2M0YzAiOnsiY3JlYXRlIjozMDAwMDAwMDAwMDB9LCJzY2hlbWFfdmVyc2lvbiI6IjIifQ==",
          "dependencies": [
            "module.alb_sg.aws_security_group.this",
            "module.vpc.module.vpc.aws_vpc.this"
          ]
        },
        {
          "index_key": 1,
          "schema_version": 2,
          "attributes": {
            "cidr_blocks": [
              "0.0.0.0/0"
            ],
            "description": "Allow HTTPS traffic from internet",
            "from_port": 443,
            "id": "sgrule-194035995",
            "ipv6_cidr_blocks": null,
            "prefix_list_ids": null,
            "protocol": "tcp",
            "security_group_id": "sg-0fb58dfa70d3919fb",
            "security_group_rule_id": "sgr-07d580d81b2bc72d0",
            "self": false,
            "source_security_group_id": null,
            "timeouts": null,
            "to_port": 443,
            "type": "ingress"
          },
          "sensitive_attributes": [],
          "private": "eyJlMmJmYjczMC1lY2FhLTExZTYtOGY4OC0zNDM2M2JjN2M0YzAiOnsiY3JlYXRlIjozMDAwMDAwMDAwMDB9LCJzY2hlbWFfdmVyc2lvbiI6IjIifQ==",
          "dependencies": [
            "module.alb_sg.aws_security_group.this",
            "module.vpc.module.vpc.aws_vpc.this"
          ]
        }
      ]
    },
    {
      "module": "module.app_sg",
      "mode": "managed",
      "type": "aws_security_group",
      "name": "this",
      "provider": "provider[\"registry.terraform.io/hashicorp/aws\"]",
      "instances": [
        {
          "schema_version": 1,
          "attributes": {
            "arn": "arn:aws:ec2:us-east-1:383798767483:security-group/sg-0eeab59f424db3447",
            "description": "Managed by Terraform",
            "egress": [
              {
                "cidr_blocks": [
                  "0.0.0.0/0"
                ],
                "description": "",
                "from_port": 0,
                "ipv6_cidr_blocks": [],
                "prefix_list_ids": [],
                "protocol": "-1",
                "security_groups": [],
                "self": false,
                "to_port": 0
              }
            ],
            "id": "sg-0eeab59f424db3447",
            "ingress": [
              {
                "cidr_blocks": [],
                "description": "",
                "from_port": 0,
                "ipv6_cidr_blocks": [],
                "prefix_list_ids": [],
                "protocol": "-1",
                "security_groups": [
                  "sg-0fb58dfa70d3919fb"
                ],
                "self": false,
                "to_port": 0
              }
            ],
            "name": "dev-mahalohub-ecs",
            "name_prefix": "",
            "owner_id": "383798767483",
            "revoke_rules_on_delete": false,
            "tags": {
              "Environment": "dev",
              "Name": "dev-mahalohub-app-sg",
              "Terraform": "Yes"
            },
            "tags_all": {
              "Environment": "dev",
              "Name": "dev-mahalohub-app-sg",
              "Terraform": "Yes"
            },
            "timeouts": null,
            "vpc_id": "vpc-071c5ea6f5f888c9a"
          },
          "sensitive_attributes": [],
          "private": "eyJlMmJmYjczMC1lY2FhLTExZTYtOGY4OC0zNDM2M2JjN2M0YzAiOnsiY3JlYXRlIjo2MDAwMDAwMDAwMDAsImRlbGV0ZSI6OTAwMDAwMDAwMDAwfSwic2NoZW1hX3ZlcnNpb24iOiIxIn0=",
          "dependencies": [
            "module.vpc.module.vpc.aws_vpc.this"
          ],
          "create_before_destroy": true
        }
      ]
    },
    {
      "module": "module.app_sg",
      "mode": "managed",
      "type": "aws_security_group_rule",
      "name": "egress_rules",
      "provider": "provider[\"registry.terraform.io/hashicorp/aws\"]",
      "instances": [
        {
          "schema_version": 2,
          "attributes": {
            "cidr_blocks": [
              "0.0.0.0/0"
            ],
            "description": "",
            "from_port": 0,
            "id": "sgrule-2216250280",
            "ipv6_cidr_blocks": null,
            "prefix_list_ids": null,
            "protocol": "-1",
            "security_group_id": "sg-0eeab59f424db3447",
            "security_group_rule_id": "sgr-03572f79c270e1df3",
            "self": false,
            "source_security_group_id": null,
            "timeouts": null,
            "to_port": 0,
            "type": "egress"
          },
          "sensitive_attributes": [],
          "private": "eyJlMmJmYjczMC1lY2FhLTExZTYtOGY4OC0zNDM2M2JjN2M0YzAiOnsiY3JlYXRlIjozMDAwMDAwMDAwMDB9LCJzY2hlbWFfdmVyc2lvbiI6IjIifQ==",
          "dependencies": [
            "module.app_sg.aws_security_group.this",
            "module.vpc.module.vpc.aws_vpc.this"
          ]
        }
      ]
    },
    {
      "module": "module.app_sg",
      "mode": "managed",
      "type": "aws_security_group_rule",
      "name": "this",
      "provider": "provider[\"registry.terraform.io/hashicorp/aws\"]",
      "instances": [
        {
          "schema_version": 2,
          "attributes": {
            "cidr_blocks": null,
            "description": "",
            "from_port": 0,
            "id": "sgrule-1680744422",
            "ipv6_cidr_blocks": null,
            "prefix_list_ids": null,
            "protocol": "-1",
            "security_group_id": "sg-0eeab59f424db3447",
            "security_group_rule_id": "sgr-06d0dbc93f61f377b",
            "self": false,
            "source_security_group_id": "sg-0fb58dfa70d3919fb",
            "timeouts": null,
            "to_port": 0,
            "type": "ingress"
          },
          "sensitive_attributes": [],
          "private": "eyJlMmJmYjczMC1lY2FhLTExZTYtOGY4OC0zNDM2M2JjN2M0YzAiOnsiY3JlYXRlIjozMDAwMDAwMDAwMDB9LCJzY2hlbWFfdmVyc2lvbiI6IjIifQ==",
          "dependencies": [
            "module.alb_sg.aws_security_group.this",
            "module.app_sg.aws_security_group.this",
            "module.vpc.module.vpc.aws_vpc.this"
          ]
        }
      ]
    },
    {
      "module": "module.backend_alb",
      "mode": "managed",
      "type": "aws_alb_listener",
      "name": "http",
      "provider": "provider[\"registry.terraform.io/hashicorp/aws\"]",
      "instances": [
        {
          "schema_version": 0,
          "attributes": {
            "alpn_policy": null,
            "arn": "arn:aws:elasticloadbalancing:us-east-1:383798767483:listener/app/dev-mahalohub-backend/49634940d59b7e8b/d23b8672fec571e3",
            "certificate_arn": null,
            "default_action": [
              {
                "authenticate_cognito": [],
                "authenticate_oidc": [],
                "fixed_response": [],
                "forward": [],
                "order": 1,
                "redirect": [],
                "target_group_arn": "arn:aws:elasticloadbalancing:us-east-1:383798767483:targetgroup/dev-mahalohub-backend/0b6e44f5b4902f1e",
                "type": "forward"
              }
            ],
            "id": "arn:aws:elasticloadbalancing:us-east-1:383798767483:listener/app/dev-mahalohub-backend/49634940d59b7e8b/d23b8672fec571e3",
            "load_balancer_arn": "arn:aws:elasticloadbalancing:us-east-1:383798767483:loadbalancer/app/dev-mahalohub-backend/49634940d59b7e8b",
            "mutual_authentication": [],
            "port": 80,
            "protocol": "HTTP",
            "ssl_policy": "",
            "tags": {},
            "tags_all": {},
            "timeouts": null
          },
          "sensitive_attributes": [],
          "private": "eyJlMmJmYjczMC1lY2FhLTExZTYtOGY4OC0zNDM2M2JjN2M0YzAiOnsiY3JlYXRlIjozMDAwMDAwMDAwMDAsInVwZGF0ZSI6MzAwMDAwMDAwMDAwfX0=",
          "dependencies": [
            "module.vpc.module.vpc.aws_subnet.public",
            "module.vpc.module.vpc.aws_vpc.this",
            "module.vpc.module.vpc.aws_vpc_ipv4_cidr_block_association.this",
            "module.alb_sg.aws_security_group.this",
            "module.backend_alb.aws_alb_target_group.default",
            "module.backend_alb.aws_lb.default",
            "module.vpc.data.aws_availability_zones.available"
          ]
        }
      ]
    },
    {
      "module": "module.backend_alb",
      "mode": "managed",
      "type": "aws_alb_target_group",
      "name": "default",
      "provider": "provider[\"registry.terraform.io/hashicorp/aws\"]",
      "instances": [
        {
          "schema_version": 0,
          "attributes": {
            "arn": "arn:aws:elasticloadbalancing:us-east-1:383798767483:targetgroup/dev-mahalohub-backend/0b6e44f5b4902f1e",
            "arn_suffix": "targetgroup/dev-mahalohub-backend/0b6e44f5b4902f1e",
            "connection_termination": null,
            "deregistration_delay": "300",
            "health_check": [
              {
                "enabled": true,
                "healthy_threshold": 3,
                "interval": 30,
                "matcher": "200",
                "path": "/",
                "port": "traffic-port",
                "protocol": "HTTP",
                "timeout": 3,
                "unhealthy_threshold": 2
              }
            ],
            "id": "arn:aws:elasticloadbalancing:us-east-1:383798767483:targetgroup/dev-mahalohub-backend/0b6e44f5b4902f1e",
            "ip_address_type": "ipv4",
            "lambda_multi_value_headers_enabled": false,
            "load_balancing_algorithm_type": "round_robin",
            "load_balancing_anomaly_mitigation": "off",
            "load_balancing_cross_zone_enabled": "use_load_balancer_configuration",
            "name": "dev-mahalohub-backend",
            "name_prefix": "",
            "port": 80,
            "preserve_client_ip": null,
            "protocol": "HTTP",
            "protocol_version": "HTTP1",
            "proxy_protocol_v2": false,
            "slow_start": 0,
            "stickiness": [
              {
                "cookie_duration": 86400,
                "cookie_name": "",
                "enabled": false,
                "type": "lb_cookie"
              }
            ],
            "tags": {
              "Environment": "dev",
              "Name": "dev-mahalohub-backend"
            },
            "tags_all": {
              "Environment": "dev",
              "Name": "dev-mahalohub-backend"
            },
            "target_failover": [
              {
                "on_deregistration": null,
                "on_unhealthy": null
              }
            ],
            "target_health_state": [
              {
                "enable_unhealthy_connection_termination": null
              }
            ],
            "target_type": "ip",
            "vpc_id": "vpc-071c5ea6f5f888c9a"
          },
          "sensitive_attributes": [],
          "private": "bnVsbA==",
          "dependencies": [
            "module.vpc.module.vpc.aws_vpc.this"
          ]
        }
      ]
    },
    {
      "module": "module.backend_alb",
      "mode": "managed",
      "type": "aws_lb",
      "name": "default",
      "provider": "provider[\"registry.terraform.io/hashicorp/aws\"]",
      "instances": [
        {
          "schema_version": 0,
          "attributes": {
            "access_logs": [
              {
                "bucket": "",
                "enabled": false,
                "prefix": ""
              }
            ],
            "arn": "arn:aws:elasticloadbalancing:us-east-1:383798767483:loadbalancer/app/dev-mahalohub-backend/49634940d59b7e8b",
            "arn_suffix": "app/dev-mahalohub-backend/49634940d59b7e8b",
            "connection_logs": [
              {
                "bucket": "",
                "enabled": false,
                "prefix": ""
              }
            ],
            "customer_owned_ipv4_pool": "",
            "desync_mitigation_mode": "defensive",
            "dns_name": "dev-mahalohub-backend-1146122896.us-east-1.elb.amazonaws.com",
            "dns_record_client_routing_policy": null,
            "drop_invalid_header_fields": false,
            "enable_cross_zone_load_balancing": true,
            "enable_deletion_protection": false,
            "enable_http2": true,
            "enable_tls_version_and_cipher_suite_headers": false,
            "enable_waf_fail_open": false,
            "enable_xff_client_port": false,
            "enforce_security_group_inbound_rules_on_private_link_traffic": "",
            "id": "arn:aws:elasticloadbalancing:us-east-1:383798767483:loadbalancer/app/dev-mahalohub-backend/49634940d59b7e8b",
            "idle_timeout": 60,
            "internal": false,
            "ip_address_type": "ipv4",
            "load_balancer_type": "application",
            "name": "dev-mahalohub-backend",
            "name_prefix": "",
            "preserve_host_header": false,
            "security_groups": [
              "sg-0fb58dfa70d3919fb"
            ],
            "subnet_mapping": [
              {
                "allocation_id": "",
                "ipv6_address": "",
                "outpost_id": "",
                "private_ipv4_address": "",
                "subnet_id": "subnet-067a254fd39400585"
              },
              {
                "allocation_id": "",
                "ipv6_address": "",
                "outpost_id": "",
                "private_ipv4_address": "",
                "subnet_id": "subnet-0a5ce22a42e94afa7"
              }
            ],
            "subnets": [
              "subnet-067a254fd39400585",
              "subnet-0a5ce22a42e94afa7"
            ],
            "tags": {
              "Environment": "dev",
              "Name": "dev-mahalohub-backend"
            },
            "tags_all": {
              "Environment": "dev",
              "Name": "dev-mahalohub-backend"
            },
            "timeouts": null,
            "vpc_id": "vpc-071c5ea6f5f888c9a",
            "xff_header_processing_mode": "append",
            "zone_id": "Z35SXDOTRQ7X7K"
          },
          "sensitive_attributes": [],
          "private": "eyJlMmJmYjczMC1lY2FhLTExZTYtOGY4OC0zNDM2M2JjN2M0YzAiOnsiY3JlYXRlIjo2MDAwMDAwMDAwMDAsImRlbGV0ZSI6NjAwMDAwMDAwMDAwLCJ1cGRhdGUiOjYwMDAwMDAwMDAwMH19",
          "dependencies": [
            "module.vpc.module.vpc.aws_vpc_ipv4_cidr_block_association.this",
            "module.alb_sg.aws_security_group.this",
            "module.vpc.data.aws_availability_zones.available",
            "module.vpc.module.vpc.aws_subnet.public",
            "module.vpc.module.vpc.aws_vpc.this"
          ]
        }
      ]
    },
    {
      "module": "module.backend_ecr",
      "mode": "managed",
      "type": "aws_ecr_lifecycle_policy",
      "name": "repo",
      "provider": "provider[\"registry.terraform.io/hashicorp/aws\"]",
      "instances": [
        {
          "schema_version": 0,
          "attributes": {
            "id": "dev-mahalohub-backend",
            "policy": "{\"rules\":[{\"action\":{\"type\":\"expire\"},\"description\":\"keep last 5 images\",\"rulePriority\":1,\"selection\":{\"countNumber\":5,\"countType\":\"imageCountMoreThan\",\"tagStatus\":\"any\"}}]}",
            "registry_id": "383798767483",
            "repository": "dev-mahalohub-backend"
          },
          "sensitive_attributes": [],
          "private": "bnVsbA==",
          "dependencies": [
            "module.backend_ecr.aws_ecr_repository.repo"
          ]
        }
      ]
    },
    {
      "module": "module.backend_ecr",
      "mode": "managed",
      "type": "aws_ecr_repository",
      "name": "repo",
      "provider": "provider[\"registry.terraform.io/hashicorp/aws\"]",
      "instances": [
        {
          "schema_version": 0,
          "attributes": {
            "arn": "arn:aws:ecr:us-east-1:383798767483:repository/dev-mahalohub-backend",
            "encryption_configuration": [
              {
                "encryption_type": "AES256",
                "kms_key": ""
              }
            ],
            "force_delete": true,
            "id": "dev-mahalohub-backend",
            "image_scanning_configuration": [
              {
                "scan_on_push": true
              }
            ],
            "image_tag_mutability": "MUTABLE",
            "name": "dev-mahalohub-backend",
            "registry_id": "383798767483",
            "repository_url": "383798767483.dkr.ecr.us-east-1.amazonaws.com/dev-mahalohub-backend",
            "tags": {
              "Environment": "dev",
              "Name": "dev-mahalohub-backend",
              "Terraform": "Yes"
            },
            "tags_all": {
              "Environment": "dev",
              "Name": "dev-mahalohub-backend",
              "Terraform": "Yes"
            },
            "timeouts": null
          },
          "sensitive_attributes": [],
          "private": "eyJlMmJmYjczMC1lY2FhLTExZTYtOGY4OC0zNDM2M2JjN2M0YzAiOnsiZGVsZXRlIjoxMjAwMDAwMDAwMDAwfX0="
        }
      ]
    },
    {
      "module": "module.backend_ecs_service",
      "mode": "data",
      "type": "aws_caller_identity",
      "name": "current",
      "provider": "provider[\"registry.terraform.io/hashicorp/aws\"]",
      "instances": [
        {
          "schema_version": 0,
          "attributes": {
            "account_id": "383798767483",
            "arn": "arn:aws:iam::383798767483:user/nouman_devops",
            "id": "383798767483",
            "user_id": "AIDAVSXBQN55X2ZC5NA5U"
          },
          "sensitive_attributes": []
        }
      ]
    },
    {
      "module": "module.backend_ecs_service",
      "mode": "managed",
      "type": "aws_appautoscaling_policy",
      "name": "ecs_policy_cpu",
      "provider": "provider[\"registry.terraform.io/hashicorp/aws\"]",
      "instances": [
        {
          "schema_version": 0,
          "attributes": {
            "alarm_arns": [
              "arn:aws:cloudwatch:us-east-1:383798767483:alarm:TargetTracking-service/dev-mahalohub/dev-mahalohub-backend-AlarmHigh-d5ab7b36-9d55-48a4-9975-ce87bdf8279c",
              "arn:aws:cloudwatch:us-east-1:383798767483:alarm:TargetTracking-service/dev-mahalohub/dev-mahalohub-backend-AlarmLow-341950ba-77fe-47e3-b085-11d1f84a83f1"
            ],
            "arn": "arn:aws:autoscaling:us-east-1:383798767483:scalingPolicy:3bd0b11f-aa0a-43a7-941c-32beb155884b:resource/ecs/service/dev-mahalohub/dev-mahalohub-backend:policyName/cpu-autoscaling",
            "id": "cpu-autoscaling",
            "name": "cpu-autoscaling",
            "policy_type": "TargetTrackingScaling",
            "resource_id": "service/dev-mahalohub/dev-mahalohub-backend",
            "scalable_dimension": "ecs:service:DesiredCount",
            "service_namespace": "ecs",
            "step_scaling_policy_configuration": [],
            "target_tracking_scaling_policy_configuration": [
              {
                "customized_metric_specification": [],
                "disable_scale_in": false,
                "predefined_metric_specification": [
                  {
                    "predefined_metric_type": "ECSServiceAverageCPUUtilization",
                    "resource_label": ""
                  }
                ],
                "scale_in_cooldown": 300,
                "scale_out_cooldown": 300,
                "target_value": 60
              }
            ]
          },
          "sensitive_attributes": [],
          "private": "bnVsbA==",
          "dependencies": [
            "module.backend_task_definition.aws_ecs_task_definition.default",
            "module.vpc.data.aws_availability_zones.available",
            "module.backend_ecs_service.aws_appautoscaling_target.ecs_target",
            "module.ecs_cluster.aws_ecs_cluster.default",
            "module.iam.aws_iam_role.task_execution_role",
            "module.vpc.module.vpc.aws_subnet.private",
            "module.backend_ecs_service.aws_ecs_service.default",
            "module.backend_ecs_service.data.aws_caller_identity.current",
            "module.backend_task_definition.aws_cloudwatch_log_group.this",
            "module.vpc.module.vpc.aws_subnet.public",
            "module.app_sg.aws_security_group.this",
            "module.backend_alb.aws_alb_target_group.default",
            "module.vpc.module.vpc.aws_vpc.this",
            "module.vpc.module.vpc.aws_vpc_ipv4_cidr_block_association.this"
          ]
        }
      ]
    },
    {
      "module": "module.backend_ecs_service",
      "mode": "managed",
      "type": "aws_appautoscaling_policy",
      "name": "ecs_policy_memory",
      "provider": "provider[\"registry.terraform.io/hashicorp/aws\"]",
      "instances": [
        {
          "schema_version": 0,
          "attributes": {
            "alarm_arns": [
              "arn:aws:cloudwatch:us-east-1:383798767483:alarm:TargetTracking-service/dev-mahalohub/dev-mahalohub-backend-AlarmHigh-122a2f6c-9312-4e5d-90f7-d249692aa4b3",
              "arn:aws:cloudwatch:us-east-1:383798767483:alarm:TargetTracking-service/dev-mahalohub/dev-mahalohub-backend-AlarmLow-c5f34f9b-a946-4fe8-a0b1-a6350c430f71"
            ],
            "arn": "arn:aws:autoscaling:us-east-1:383798767483:scalingPolicy:3bd0b11f-aa0a-43a7-941c-32beb155884b:resource/ecs/service/dev-mahalohub/dev-mahalohub-backend:policyName/memory-autoscaling",
            "id": "memory-autoscaling",
            "name": "memory-autoscaling",
            "policy_type": "TargetTrackingScaling",
            "resource_id": "service/dev-mahalohub/dev-mahalohub-backend",
            "scalable_dimension": "ecs:service:DesiredCount",
            "service_namespace": "ecs",
            "step_scaling_policy_configuration": [],
            "target_tracking_scaling_policy_configuration": [
              {
                "customized_metric_specification": [],
                "disable_scale_in": false,
                "predefined_metric_specification": [
                  {
                    "predefined_metric_type": "ECSServiceAverageMemoryUtilization",
                    "resource_label": ""
                  }
                ],
                "scale_in_cooldown": 300,
                "scale_out_cooldown": 300,
                "target_value": 80
              }
            ]
          },
          "sensitive_attributes": [],
          "private": "bnVsbA==",
          "dependencies": [
            "module.vpc.module.vpc.aws_vpc.this",
            "module.backend_ecs_service.data.aws_caller_identity.current",
            "module.iam.aws_iam_role.task_execution_role",
            "module.vpc.data.aws_availability_zones.available",
            "module.vpc.module.vpc.aws_subnet.private",
            "module.vpc.module.vpc.aws_subnet.public",
            "module.app_sg.aws_security_group.this",
            "module.backend_alb.aws_alb_target_group.default",
            "module.vpc.module.vpc.aws_vpc_ipv4_cidr_block_association.this",
            "module.backend_task_definition.aws_cloudwatch_log_group.this",
            "module.backend_task_definition.aws_ecs_task_definition.default",
            "module.ecs_cluster.aws_ecs_cluster.default",
            "module.backend_ecs_service.aws_appautoscaling_target.ecs_target",
            "module.backend_ecs_service.aws_ecs_service.default"
          ]
        }
      ]
    },
    {
      "module": "module.backend_ecs_service",
      "mode": "managed",
      "type": "aws_appautoscaling_target",
      "name": "ecs_target",
      "provider": "provider[\"registry.terraform.io/hashicorp/aws\"]",
      "instances": [
        {
          "schema_version": 0,
          "attributes": {
            "arn": "arn:aws:application-autoscaling:us-east-1:383798767483:scalable-target/0ec53bd0b11faa0a43a7941c32beb155884b",
            "id": "service/dev-mahalohub/dev-mahalohub-backend",
            "max_capacity": 4,
            "min_capacity": 1,
            "resource_id": "service/dev-mahalohub/dev-mahalohub-backend",
            "role_arn": "arn:aws:iam::383798767483:role/aws-service-role/ecs.application-autoscaling.amazonaws.com/AWSServiceRoleForApplicationAutoScaling_ECSService",
            "scalable_dimension": "ecs:service:DesiredCount",
            "service_namespace": "ecs",
            "tags": {},
            "tags_all": {}
          },
          "sensitive_attributes": [],
          "private": "bnVsbA==",
          "dependencies": [
            "module.ecs_cluster.aws_ecs_cluster.default",
            "module.iam.aws_iam_role.task_execution_role",
            "module.vpc.data.aws_availability_zones.available",
            "module.vpc.module.vpc.aws_subnet.private",
            "module.app_sg.aws_security_group.this",
            "module.backend_ecs_service.aws_ecs_service.default",
            "module.backend_task_definition.aws_cloudwatch_log_group.this",
            "module.backend_task_definition.aws_ecs_task_definition.default",
            "module.vpc.module.vpc.aws_vpc.this",
            "module.vpc.module.vpc.aws_vpc_ipv4_cidr_block_association.this",
            "module.backend_alb.aws_alb_target_group.default",
            "module.backend_ecs_service.data.aws_caller_identity.current",
            "module.vpc.module.vpc.aws_subnet.public"
          ]
        }
      ]
    },
    {
      "module": "module.backend_ecs_service",
      "mode": "managed",
      "type": "aws_ecs_service",
      "name": "default",
      "provider": "provider[\"registry.terraform.io/hashicorp/aws\"]",
      "instances": [
        {
          "schema_version": 0,
          "attributes": {
            "alarms": [],
            "capacity_provider_strategy": [],
            "cluster": "arn:aws:ecs:us-east-1:383798767483:cluster/dev-mahalohub",
            "deployment_circuit_breaker": [
              {
                "enable": false,
                "rollback": false
              }
            ],
            "deployment_controller": [
              {
                "type": "ECS"
              }
            ],
            "deployment_maximum_percent": 200,
            "deployment_minimum_healthy_percent": 100,
            "desired_count": 1,
            "enable_ecs_managed_tags": false,
            "enable_execute_command": false,
            "force_new_deployment": null,
            "health_check_grace_period_seconds": 60,
            "iam_role": "/aws-service-role/ecs.amazonaws.com/AWSServiceRoleForECS",
            "id": "arn:aws:ecs:us-east-1:383798767483:service/dev-mahalohub/dev-mahalohub-backend",
            "launch_type": "FARGATE",
            "load_balancer": [
              {
                "container_name": "dev-mahalohub-backend",
                "container_port": 80,
                "elb_name": "",
                "target_group_arn": "arn:aws:elasticloadbalancing:us-east-1:383798767483:targetgroup/dev-mahalohub-backend/0b6e44f5b4902f1e"
              }
            ],
            "name": "dev-mahalohub-backend",
            "network_configuration": [
              {
                "assign_public_ip": true,
                "security_groups": [
                  "sg-0eeab59f424db3447"
                ],
                "subnets": [
                  "subnet-067a254fd39400585",
                  "subnet-0a5ce22a42e94afa7"
                ]
              }
            ],
            "ordered_placement_strategy": [],
            "placement_constraints": [],
            "platform_version": "LATEST",
            "propagate_tags": "NONE",
            "scheduling_strategy": "REPLICA",
            "service_connect_configuration": [],
            "service_registries": [],
            "tags": {
              "Environment": "dev",
              "Name": "dev-mahalohub-backend",
              "Terraform": "Yes"
            },
            "tags_all": {
              "Environment": "dev",
              "Name": "dev-mahalohub-backend",
              "Terraform": "Yes"
            },
            "task_definition": "arn:aws:ecs:us-east-1:383798767483:task-definition/dev-mahalohub-backend:1",
            "timeouts": null,
            "triggers": {},
            "wait_for_steady_state": false
          },
          "sensitive_attributes": [],
          "private": "eyJlMmJmYjczMC1lY2FhLTExZTYtOGY4OC0zNDM2M2JjN2M0YzAiOnsiY3JlYXRlIjoxMjAwMDAwMDAwMDAwLCJkZWxldGUiOjEyMDAwMDAwMDAwMDAsInVwZGF0ZSI6MTIwMDAwMDAwMDAwMH19",
          "dependencies": [
            "module.app_sg.aws_security_group.this",
            "module.backend_task_definition.aws_cloudwatch_log_group.this",
            "module.iam.aws_iam_role.task_execution_role",
            "module.vpc.data.aws_availability_zones.available",
            "module.vpc.module.vpc.aws_subnet.public",
            "module.vpc.module.vpc.aws_vpc.this",
            "module.vpc.module.vpc.aws_vpc_ipv4_cidr_block_association.this",
            "module.backend_alb.aws_alb_target_group.default",
            "module.backend_task_definition.aws_ecs_task_definition.default",
            "module.ecs_cluster.aws_ecs_cluster.default",
            "module.vpc.module.vpc.aws_subnet.private"
          ]
        }
      ]
    },
    {
      "module": "module.backend_task_definition",
      "mode": "managed",
      "type": "aws_cloudwatch_log_group",
      "name": "this",
      "provider": "provider[\"registry.terraform.io/hashicorp/aws\"]",
      "instances": [
        {
          "schema_version": 0,
          "attributes": {
            "arn": "arn:aws:logs:us-east-1:383798767483:log-group:/ecs/dev/mahalohub/backend",
            "id": "/ecs/dev/mahalohub/backend",
            "kms_key_id": "",
            "log_group_class": "STANDARD",
            "name": "/ecs/dev/mahalohub/backend",
            "name_prefix": "",
            "retention_in_days": 0,
            "skip_destroy": false,
            "tags": {
              "Environment": "dev",
              "Name": "dev-mahalohub-backend"
            },
            "tags_all": {
              "Environment": "dev",
              "Name": "dev-mahalohub-backend"
            }
          },
          "sensitive_attributes": [],
          "private": "bnVsbA=="
        }
      ]
    },
    {
      "module": "module.backend_task_definition",
      "mode": "managed",
      "type": "aws_ecs_task_definition",
      "name": "default",
      "provider": "provider[\"registry.terraform.io/hashicorp/aws\"]",
      "instances": [
        {
          "schema_version": 1,
          "attributes": {
            "arn": "arn:aws:ecs:us-east-1:383798767483:task-definition/dev-mahalohub-backend:1",
            "arn_without_revision": "arn:aws:ecs:us-east-1:383798767483:task-definition/dev-mahalohub-backend",
            "container_definitions": "[{\"cpu\":1024,\"environment\":[{\"name\":\"AWS_REGION\",\"value\":\"us-east-1\"}],\"essential\":true,\"image\":\"nginx:latest\",\"logConfiguration\":{\"logDriver\":\"awslogs\",\"options\":{\"awslogs-group\":\"/ecs/dev/mahalohub/backend\",\"awslogs-region\":\"us-east-1\",\"awslogs-stream-prefix\":\"ecs-logs\"}},\"memory\":2048,\"mountPoints\":[],\"name\":\"dev-mahalohub-backend\",\"portMappings\":[{\"containerPort\":80,\"hostPort\":80,\"protocol\":\"tcp\"}],\"secrets\":[],\"volumesFrom\":[]}]",
            "cpu": "1024",
            "ephemeral_storage": [],
            "execution_role_arn": "arn:aws:iam::383798767483:role/dev-mahalohub-ecs-task-role",
            "family": "dev-mahalohub-backend",
            "id": "dev-mahalohub-backend",
            "inference_accelerator": [],
            "ipc_mode": "",
            "memory": "2048",
            "network_mode": "awsvpc",
            "pid_mode": "",
            "placement_constraints": [],
            "proxy_configuration": [],
            "requires_compatibilities": [
              "FARGATE"
            ],
            "revision": 1,
            "runtime_platform": [],
            "skip_destroy": false,
            "tags": {
              "Environment": "dev",
              "Name": "dev-mahalohub-backend"
            },
            "tags_all": {
              "Environment": "dev",
              "Name": "dev-mahalohub-backend"
            },
            "task_role_arn": "",
            "volume": []
          },
          "sensitive_attributes": [],
          "private": "eyJzY2hlbWFfdmVyc2lvbiI6IjEifQ==",
          "dependencies": [
            "module.backend_task_definition.aws_cloudwatch_log_group.this",
            "module.ecs_cluster.aws_ecs_cluster.default",
            "module.iam.aws_iam_role.task_execution_role"
          ]
        }
      ]
    },
    {
      "module": "module.cloudfront",
      "mode": "managed",
      "type": "aws_cloudfront_distribution",
      "name": "s3_distribution",
      "provider": "provider[\"registry.terraform.io/hashicorp/aws\"]",
      "instances": [
        {
          "schema_version": 1,
          "attributes": {
            "aliases": [
              "mymahalohub.com"
            ],
            "arn": "arn:aws:cloudfront::383798767483:distribution/E1MZUDBKFPA14O",
            "caller_reference": "terraform-20240202105808266300000003",
            "comment": "mahalohub-frontend",
            "continuous_deployment_policy_id": "",
            "custom_error_response": [],
            "default_cache_behavior": [
              {
                "allowed_methods": [
                  "GET",
                  "HEAD",
                  "OPTIONS"
                ],
                "cache_policy_id": "",
                "cached_methods": [
                  "GET",
                  "HEAD"
                ],
                "compress": false,
                "default_ttl": 3600,
                "field_level_encryption_id": "",
                "forwarded_values": [
                  {
                    "cookies": [
                      {
                        "forward": "none",
                        "whitelisted_names": []
                      }
                    ],
                    "headers": [],
                    "query_string": true,
                    "query_string_cache_keys": []
                  }
                ],
                "function_association": [],
                "lambda_function_association": [],
                "max_ttl": 86400,
                "min_ttl": 0,
                "origin_request_policy_id": "",
                "realtime_log_config_arn": "",
                "response_headers_policy_id": "",
                "smooth_streaming": false,
                "target_origin_id": "mahalohub-frontend",
                "trusted_key_groups": [],
                "trusted_signers": [],
                "viewer_protocol_policy": "redirect-to-https"
              }
            ],
            "default_root_object": "index.html",
            "domain_name": "d3liauhpcs2juj.cloudfront.net",
            "enabled": true,
            "etag": "E1XH07L4VYVN0B",
            "hosted_zone_id": "Z2FDTNDATAQYW2",
            "http_version": "http2",
            "id": "E1MZUDBKFPA14O",
            "in_progress_validation_batches": 0,
            "is_ipv6_enabled": true,
            "last_modified_time": "2024-02-02 10:58:08.454 +0000 UTC",
            "logging_config": [],
            "ordered_cache_behavior": [],
            "origin": [
              {
                "connection_attempts": 3,
                "connection_timeout": 10,
                "custom_header": [],
                "custom_origin_config": [],
                "domain_name": "mahalohubfrontend.s3.us-east-1.amazonaws.com",
                "origin_access_control_id": "",
                "origin_id": "mahalohub-frontend",
                "origin_path": "",
                "origin_shield": [],
                "s3_origin_config": [
                  {
                    "origin_access_identity": "origin-access-identity/cloudfront/E33EAV9AOMT99U"
                  }
                ]
              }
            ],
            "origin_group": [],
            "price_class": "PriceClass_200",
            "restrictions": [
              {
                "geo_restriction": [
                  {
                    "locations": [],
                    "restriction_type": "none"
                  }
                ]
              }
            ],
            "retain_on_delete": false,
            "staging": false,
            "status": "Deployed",
            "tags": {
              "Environment": "development",
              "Name": "mahalohub"
            },
            "tags_all": {
              "Environment": "development",
              "Name": "mahalohub"
            },
            "trusted_key_groups": [
              {
                "enabled": false,
                "items": []
              }
            ],
            "trusted_signers": [
              {
                "enabled": false,
                "items": []
              }
            ],
            "viewer_certificate": [
              {
                "acm_certificate_arn": "arn:aws:acm:us-east-1:383798767483:certificate/6a822dad-49a1-4349-a7bc-9277ca2fd94a",
                "cloudfront_default_certificate": false,
                "iam_certificate_id": "",
                "minimum_protocol_version": "TLSv1",
                "ssl_support_method": "sni-only"
              }
            ],
            "wait_for_deployment": true,
            "web_acl_id": ""
          },
          "sensitive_attributes": [],
          "private": "eyJzY2hlbWFfdmVyc2lvbiI6IjEifQ==",
          "dependencies": [
            "module.cloudfront.aws_cloudfront_origin_access_identity.origin_access_identity",
            "module.s3.aws_s3_bucket.mybucket"
          ]
        }
      ]
    },
    {
      "module": "module.cloudfront",
      "mode": "managed",
      "type": "aws_cloudfront_origin_access_identity",
      "name": "origin_access_identity",
      "provider": "provider[\"registry.terraform.io/hashicorp/aws\"]",
      "instances": [
        {
          "schema_version": 0,
          "attributes": {
            "caller_reference": "terraform-20240202105803685300000002",
            "cloudfront_access_identity_path": "origin-access-identity/cloudfront/E33EAV9AOMT99U",
            "comment": "mymahalohub-frontend",
            "etag": "E32XRNCEDE6VGE",
            "iam_arn": "arn:aws:iam::cloudfront:user/CloudFront Origin Access Identity E33EAV9AOMT99U",
            "id": "E33EAV9AOMT99U",
            "s3_canonical_user_id": "338c9a164c4ef3b9d529e3b2b688222579df6b4a80884da8a97ea03e26d1892c512f449e11ce7c80f3855cca085a24bb"
          },
          "sensitive_attributes": [],
          "private": "bnVsbA=="
        }
      ]
    },
    {
      "module": "module.ecs_cluster",
      "mode": "managed",
      "type": "aws_ecs_cluster",
      "name": "default",
      "provider": "provider[\"registry.terraform.io/hashicorp/aws\"]",
      "instances": [
        {
          "schema_version": 0,
          "attributes": {
            "arn": "arn:aws:ecs:us-east-1:383798767483:cluster/dev-mahalohub",
            "configuration": [],
            "id": "arn:aws:ecs:us-east-1:383798767483:cluster/dev-mahalohub",
            "name": "dev-mahalohub",
            "service_connect_defaults": [],
            "setting": [
              {
                "name": "containerInsights",
                "value": "enabled"
              }
            ],
            "tags": {
              "Environment": "dev",
              "Name": "dev-mahalohub-ecs-frontend-cluster",
              "Terraform": "Yes"
            },
            "tags_all": {
              "Environment": "dev",
              "Name": "dev-mahalohub-ecs-frontend-cluster",
              "Terraform": "Yes"
            }
          },
          "sensitive_attributes": [],
          "private": "bnVsbA=="
        }
      ]
    },
    {
      "module": "module.frontend_alb",
      "mode": "managed",
      "type": "aws_alb_listener",
      "name": "http",
      "provider": "provider[\"registry.terraform.io/hashicorp/aws\"]",
      "instances": [
        {
          "schema_version": 0,
          "attributes": {
            "alpn_policy": null,
            "arn": "arn:aws:elasticloadbalancing:us-east-1:383798767483:listener/app/dev-mahalohub-frontend/e760548b5a6f6c8d/3edcc083af35329a",
            "certificate_arn": null,
            "default_action": [
              {
                "authenticate_cognito": [],
                "authenticate_oidc": [],
                "fixed_response": [],
                "forward": [],
                "order": 1,
                "redirect": [],
                "target_group_arn": "arn:aws:elasticloadbalancing:us-east-1:383798767483:targetgroup/dev-mahalohub-frontend/fce3496e5408529d",
                "type": "forward"
              }
            ],
            "id": "arn:aws:elasticloadbalancing:us-east-1:383798767483:listener/app/dev-mahalohub-frontend/e760548b5a6f6c8d/3edcc083af35329a",
            "load_balancer_arn": "arn:aws:elasticloadbalancing:us-east-1:383798767483:loadbalancer/app/dev-mahalohub-frontend/e760548b5a6f6c8d",
            "mutual_authentication": [],
            "port": 80,
            "protocol": "HTTP",
            "ssl_policy": "",
            "tags": {},
            "tags_all": {},
            "timeouts": null
          },
          "sensitive_attributes": [],
          "private": "eyJlMmJmYjczMC1lY2FhLTExZTYtOGY4OC0zNDM2M2JjN2M0YzAiOnsiY3JlYXRlIjozMDAwMDAwMDAwMDAsInVwZGF0ZSI6MzAwMDAwMDAwMDAwfX0=",
          "dependencies": [
            "module.vpc.data.aws_availability_zones.available",
            "module.vpc.module.vpc.aws_subnet.public",
            "module.vpc.module.vpc.aws_vpc.this",
            "module.vpc.module.vpc.aws_vpc_ipv4_cidr_block_association.this",
            "module.alb_sg.aws_security_group.this",
            "module.frontend_alb.aws_alb_target_group.default",
            "module.frontend_alb.aws_lb.default"
          ]
        }
      ]
    },
    {
      "module": "module.frontend_alb",
      "mode": "managed",
      "type": "aws_alb_target_group",
      "name": "default",
      "provider": "provider[\"registry.terraform.io/hashicorp/aws\"]",
      "instances": [
        {
          "schema_version": 0,
          "attributes": {
            "arn": "arn:aws:elasticloadbalancing:us-east-1:383798767483:targetgroup/dev-mahalohub-frontend/fce3496e5408529d",
            "arn_suffix": "targetgroup/dev-mahalohub-frontend/fce3496e5408529d",
            "connection_termination": null,
            "deregistration_delay": "300",
            "health_check": [
              {
                "enabled": true,
                "healthy_threshold": 3,
                "interval": 30,
                "matcher": "200",
                "path": "/",
                "port": "traffic-port",
                "protocol": "HTTP",
                "timeout": 3,
                "unhealthy_threshold": 2
              }
            ],
            "id": "arn:aws:elasticloadbalancing:us-east-1:383798767483:targetgroup/dev-mahalohub-frontend/fce3496e5408529d",
            "ip_address_type": "ipv4",
            "lambda_multi_value_headers_enabled": false,
            "load_balancing_algorithm_type": "round_robin",
            "load_balancing_anomaly_mitigation": "off",
            "load_balancing_cross_zone_enabled": "use_load_balancer_configuration",
            "name": "dev-mahalohub-frontend",
            "name_prefix": "",
            "port": 80,
            "preserve_client_ip": null,
            "protocol": "HTTP",
            "protocol_version": "HTTP1",
            "proxy_protocol_v2": false,
            "slow_start": 0,
            "stickiness": [
              {
                "cookie_duration": 86400,
                "cookie_name": "",
                "enabled": false,
                "type": "lb_cookie"
              }
            ],
            "tags": {
              "Environment": "dev",
              "Name": "dev-mahalohub-frontend"
            },
            "tags_all": {
              "Environment": "dev",
              "Name": "dev-mahalohub-frontend"
            },
            "target_failover": [
              {
                "on_deregistration": null,
                "on_unhealthy": null
              }
            ],
            "target_health_state": [
              {
                "enable_unhealthy_connection_termination": null
              }
            ],
            "target_type": "ip",
            "vpc_id": "vpc-071c5ea6f5f888c9a"
          },
          "sensitive_attributes": [],
          "private": "bnVsbA==",
          "dependencies": [
            "module.vpc.module.vpc.aws_vpc.this"
          ]
        }
      ]
    },
    {
      "module": "module.frontend_alb",
      "mode": "managed",
      "type": "aws_lb",
      "name": "default",
      "provider": "provider[\"registry.terraform.io/hashicorp/aws\"]",
      "instances": [
        {
          "schema_version": 0,
          "attributes": {
            "access_logs": [
              {
                "bucket": "",
                "enabled": false,
                "prefix": ""
              }
            ],
            "arn": "arn:aws:elasticloadbalancing:us-east-1:383798767483:loadbalancer/app/dev-mahalohub-frontend/e760548b5a6f6c8d",
            "arn_suffix": "app/dev-mahalohub-frontend/e760548b5a6f6c8d",
            "connection_logs": [
              {
                "bucket": "",
                "enabled": false,
                "prefix": ""
              }
            ],
            "customer_owned_ipv4_pool": "",
            "desync_mitigation_mode": "defensive",
            "dns_name": "dev-mahalohub-frontend-190109287.us-east-1.elb.amazonaws.com",
            "dns_record_client_routing_policy": null,
            "drop_invalid_header_fields": false,
            "enable_cross_zone_load_balancing": true,
            "enable_deletion_protection": false,
            "enable_http2": true,
            "enable_tls_version_and_cipher_suite_headers": false,
            "enable_waf_fail_open": false,
            "enable_xff_client_port": false,
            "enforce_security_group_inbound_rules_on_private_link_traffic": "",
            "id": "arn:aws:elasticloadbalancing:us-east-1:383798767483:loadbalancer/app/dev-mahalohub-frontend/e760548b5a6f6c8d",
            "idle_timeout": 60,
            "internal": false,
            "ip_address_type": "ipv4",
            "load_balancer_type": "application",
            "name": "dev-mahalohub-frontend",
            "name_prefix": "",
            "preserve_host_header": false,
            "security_groups": [
              "sg-0fb58dfa70d3919fb"
            ],
            "subnet_mapping": [
              {
                "allocation_id": "",
                "ipv6_address": "",
                "outpost_id": "",
                "private_ipv4_address": "",
                "subnet_id": "subnet-067a254fd39400585"
              },
              {
                "allocation_id": "",
                "ipv6_address": "",
                "outpost_id": "",
                "private_ipv4_address": "",
                "subnet_id": "subnet-0a5ce22a42e94afa7"
              }
            ],
            "subnets": [
              "subnet-067a254fd39400585",
              "subnet-0a5ce22a42e94afa7"
            ],
            "tags": {
              "Environment": "dev",
              "Name": "dev-mahalohub-frontend"
            },
            "tags_all": {
              "Environment": "dev",
              "Name": "dev-mahalohub-frontend"
            },
            "timeouts": null,
            "vpc_id": "vpc-071c5ea6f5f888c9a",
            "xff_header_processing_mode": "append",
            "zone_id": "Z35SXDOTRQ7X7K"
          },
          "sensitive_attributes": [],
          "private": "eyJlMmJmYjczMC1lY2FhLTExZTYtOGY4OC0zNDM2M2JjN2M0YzAiOnsiY3JlYXRlIjo2MDAwMDAwMDAwMDAsImRlbGV0ZSI6NjAwMDAwMDAwMDAwLCJ1cGRhdGUiOjYwMDAwMDAwMDAwMH19",
          "dependencies": [
            "module.vpc.module.vpc.aws_vpc.this",
            "module.vpc.module.vpc.aws_vpc_ipv4_cidr_block_association.this",
            "module.alb_sg.aws_security_group.this",
            "module.vpc.data.aws_availability_zones.available",
            "module.vpc.module.vpc.aws_subnet.public"
          ]
        }
      ]
    },
    {
      "module": "module.frontend_ecr",
      "mode": "managed",
      "type": "aws_ecr_lifecycle_policy",
      "name": "repo",
      "provider": "provider[\"registry.terraform.io/hashicorp/aws\"]",
      "instances": [
        {
          "schema_version": 0,
          "attributes": {
            "id": "dev-mahalohub-frontend",
            "policy": "{\"rules\":[{\"action\":{\"type\":\"expire\"},\"description\":\"keep last 5 images\",\"rulePriority\":1,\"selection\":{\"countNumber\":5,\"countType\":\"imageCountMoreThan\",\"tagStatus\":\"any\"}}]}",
            "registry_id": "383798767483",
            "repository": "dev-mahalohub-frontend"
          },
          "sensitive_attributes": [],
          "private": "bnVsbA==",
          "dependencies": [
            "module.frontend_ecr.aws_ecr_repository.repo"
          ]
        }
      ]
    },
    {
      "module": "module.frontend_ecr",
      "mode": "managed",
      "type": "aws_ecr_repository",
      "name": "repo",
      "provider": "provider[\"registry.terraform.io/hashicorp/aws\"]",
      "instances": [
        {
          "schema_version": 0,
          "attributes": {
            "arn": "arn:aws:ecr:us-east-1:383798767483:repository/dev-mahalohub-frontend",
            "encryption_configuration": [
              {
                "encryption_type": "AES256",
                "kms_key": ""
              }
            ],
            "force_delete": true,
            "id": "dev-mahalohub-frontend",
            "image_scanning_configuration": [
              {
                "scan_on_push": true
              }
            ],
            "image_tag_mutability": "MUTABLE",
            "name": "dev-mahalohub-frontend",
            "registry_id": "383798767483",
            "repository_url": "383798767483.dkr.ecr.us-east-1.amazonaws.com/dev-mahalohub-frontend",
            "tags": {
              "Environment": "dev",
              "Name": "dev-mahalohub-frontend",
              "Terraform": "Yes"
            },
            "tags_all": {
              "Environment": "dev",
              "Name": "dev-mahalohub-frontend",
              "Terraform": "Yes"
            },
            "timeouts": null
          },
          "sensitive_attributes": [],
          "private": "eyJlMmJmYjczMC1lY2FhLTExZTYtOGY4OC0zNDM2M2JjN2M0YzAiOnsiZGVsZXRlIjoxMjAwMDAwMDAwMDAwfX0="
        }
      ]
    },
    {
      "module": "module.frontend_ecs_service",
      "mode": "data",
      "type": "aws_caller_identity",
      "name": "current",
      "provider": "provider[\"registry.terraform.io/hashicorp/aws\"]",
      "instances": [
        {
          "schema_version": 0,
          "attributes": {
            "account_id": "383798767483",
            "arn": "arn:aws:iam::383798767483:user/nouman_devops",
            "id": "383798767483",
            "user_id": "AIDAVSXBQN55X2ZC5NA5U"
          },
          "sensitive_attributes": []
        }
      ]
    },
    {
      "module": "module.frontend_ecs_service",
      "mode": "managed",
      "type": "aws_appautoscaling_policy",
      "name": "ecs_policy_cpu",
      "provider": "provider[\"registry.terraform.io/hashicorp/aws\"]",
      "instances": [
        {
          "schema_version": 0,
          "attributes": {
            "alarm_arns": [
              "arn:aws:cloudwatch:us-east-1:383798767483:alarm:TargetTracking-service/dev-mahalohub/dev-mahalohub-frontend-AlarmHigh-d0109fb4-fc54-4a33-9ee9-3dd14ae26681",
              "arn:aws:cloudwatch:us-east-1:383798767483:alarm:TargetTracking-service/dev-mahalohub/dev-mahalohub-frontend-AlarmLow-7f930013-9e88-4c20-9c2b-c90a54aa6fe3"
            ],
            "arn": "arn:aws:autoscaling:us-east-1:383798767483:scalingPolicy:f0b582be-6832-43fc-b61b-345561516057:resource/ecs/service/dev-mahalohub/dev-mahalohub-frontend:policyName/cpu-autoscaling",
            "id": "cpu-autoscaling",
            "name": "cpu-autoscaling",
            "policy_type": "TargetTrackingScaling",
            "resource_id": "service/dev-mahalohub/dev-mahalohub-frontend",
            "scalable_dimension": "ecs:service:DesiredCount",
            "service_namespace": "ecs",
            "step_scaling_policy_configuration": [],
            "target_tracking_scaling_policy_configuration": [
              {
                "customized_metric_specification": [],
                "disable_scale_in": false,
                "predefined_metric_specification": [
                  {
                    "predefined_metric_type": "ECSServiceAverageCPUUtilization",
                    "resource_label": ""
                  }
                ],
                "scale_in_cooldown": 300,
                "scale_out_cooldown": 300,
                "target_value": 60
              }
            ]
          },
          "sensitive_attributes": [],
          "private": "bnVsbA==",
          "dependencies": [
            "module.app_sg.aws_security_group.this",
            "module.ecs_cluster.aws_ecs_cluster.default",
            "module.frontend_ecs_service.aws_ecs_service.default",
            "module.frontend_task_definition.aws_ecs_task_definition.default",
            "module.vpc.module.vpc.aws_subnet.public",
            "module.frontend_alb.aws_alb_target_group.default",
            "module.frontend_ecs_service.aws_appautoscaling_target.ecs_target",
            "module.frontend_task_definition.aws_cloudwatch_log_group.this",
            "module.vpc.module.vpc.aws_subnet.private",
            "module.vpc.module.vpc.aws_vpc_ipv4_cidr_block_association.this",
            "module.frontend_ecs_service.data.aws_caller_identity.current",
            "module.iam.aws_iam_role.task_execution_role",
            "module.vpc.module.vpc.aws_vpc.this",
            "module.vpc.data.aws_availability_zones.available"
          ]
        }
      ]
    },
    {
      "module": "module.frontend_ecs_service",
      "mode": "managed",
      "type": "aws_appautoscaling_policy",
      "name": "ecs_policy_memory",
      "provider": "provider[\"registry.terraform.io/hashicorp/aws\"]",
      "instances": [
        {
          "schema_version": 0,
          "attributes": {
            "alarm_arns": [
              "arn:aws:cloudwatch:us-east-1:383798767483:alarm:TargetTracking-service/dev-mahalohub/dev-mahalohub-frontend-AlarmHigh-2599dc90-18a0-4499-a6f5-d3bc90e88f44",
              "arn:aws:cloudwatch:us-east-1:383798767483:alarm:TargetTracking-service/dev-mahalohub/dev-mahalohub-frontend-AlarmLow-397924ca-efa7-4264-b79e-59fc5e57c121"
            ],
            "arn": "arn:aws:autoscaling:us-east-1:383798767483:scalingPolicy:f0b582be-6832-43fc-b61b-345561516057:resource/ecs/service/dev-mahalohub/dev-mahalohub-frontend:policyName/memory-autoscaling",
            "id": "memory-autoscaling",
            "name": "memory-autoscaling",
            "policy_type": "TargetTrackingScaling",
            "resource_id": "service/dev-mahalohub/dev-mahalohub-frontend",
            "scalable_dimension": "ecs:service:DesiredCount",
            "service_namespace": "ecs",
            "step_scaling_policy_configuration": [],
            "target_tracking_scaling_policy_configuration": [
              {
                "customized_metric_specification": [],
                "disable_scale_in": false,
                "predefined_metric_specification": [
                  {
                    "predefined_metric_type": "ECSServiceAverageMemoryUtilization",
                    "resource_label": ""
                  }
                ],
                "scale_in_cooldown": 300,
                "scale_out_cooldown": 300,
                "target_value": 80
              }
            ]
          },
          "sensitive_attributes": [],
          "private": "bnVsbA==",
          "dependencies": [
            "module.app_sg.aws_security_group.this",
            "module.ecs_cluster.aws_ecs_cluster.default",
            "module.frontend_ecs_service.aws_appautoscaling_target.ecs_target",
            "module.frontend_task_definition.aws_cloudwatch_log_group.this",
            "module.vpc.module.vpc.aws_vpc.this",
            "module.frontend_ecs_service.data.aws_caller_identity.current",
            "module.frontend_task_definition.aws_ecs_task_definition.default",
            "module.vpc.data.aws_availability_zones.available",
            "module.vpc.module.vpc.aws_subnet.private",
            "module.frontend_ecs_service.aws_ecs_service.default",
            "module.iam.aws_iam_role.task_execution_role",
            "module.vpc.module.vpc.aws_vpc_ipv4_cidr_block_association.this",
            "module.frontend_alb.aws_alb_target_group.default",
            "module.vpc.module.vpc.aws_subnet.public"
          ]
        }
      ]
    },
    {
      "module": "module.frontend_ecs_service",
      "mode": "managed",
      "type": "aws_appautoscaling_target",
      "name": "ecs_target",
      "provider": "provider[\"registry.terraform.io/hashicorp/aws\"]",
      "instances": [
        {
          "schema_version": 0,
          "attributes": {
            "arn": "arn:aws:application-autoscaling:us-east-1:383798767483:scalable-target/0ec5f0b582be683243fcb61b345561516057",
            "id": "service/dev-mahalohub/dev-mahalohub-frontend",
            "max_capacity": 4,
            "min_capacity": 1,
            "resource_id": "service/dev-mahalohub/dev-mahalohub-frontend",
            "role_arn": "arn:aws:iam::383798767483:role/aws-service-role/ecs.application-autoscaling.amazonaws.com/AWSServiceRoleForApplicationAutoScaling_ECSService",
            "scalable_dimension": "ecs:service:DesiredCount",
            "service_namespace": "ecs",
            "tags": {},
            "tags_all": {}
          },
          "sensitive_attributes": [],
          "private": "bnVsbA==",
          "dependencies": [
            "module.frontend_task_definition.aws_cloudwatch_log_group.this",
            "module.frontend_alb.aws_alb_target_group.default",
            "module.frontend_ecs_service.aws_ecs_service.default",
            "module.frontend_ecs_service.data.aws_caller_identity.current",
            "module.iam.aws_iam_role.task_execution_role",
            "module.vpc.data.aws_availability_zones.available",
            "module.vpc.module.vpc.aws_subnet.private",
            "module.vpc.module.vpc.aws_subnet.public",
            "module.vpc.module.vpc.aws_vpc.this",
            "module.app_sg.aws_security_group.this",
            "module.ecs_cluster.aws_ecs_cluster.default",
            "module.frontend_task_definition.aws_ecs_task_definition.default",
            "module.vpc.module.vpc.aws_vpc_ipv4_cidr_block_association.this"
          ]
        }
      ]
    },
    {
      "module": "module.frontend_ecs_service",
      "mode": "managed",
      "type": "aws_ecs_service",
      "name": "default",
      "provider": "provider[\"registry.terraform.io/hashicorp/aws\"]",
      "instances": [
        {
          "schema_version": 0,
          "attributes": {
            "alarms": [],
            "capacity_provider_strategy": [],
            "cluster": "arn:aws:ecs:us-east-1:383798767483:cluster/dev-mahalohub",
            "deployment_circuit_breaker": [
              {
                "enable": false,
                "rollback": false
              }
            ],
            "deployment_controller": [
              {
                "type": "ECS"
              }
            ],
            "deployment_maximum_percent": 200,
            "deployment_minimum_healthy_percent": 100,
            "desired_count": 1,
            "enable_ecs_managed_tags": false,
            "enable_execute_command": false,
            "force_new_deployment": null,
            "health_check_grace_period_seconds": 60,
            "iam_role": "/aws-service-role/ecs.amazonaws.com/AWSServiceRoleForECS",
            "id": "arn:aws:ecs:us-east-1:383798767483:service/dev-mahalohub/dev-mahalohub-frontend",
            "launch_type": "FARGATE",
            "load_balancer": [
              {
                "container_name": "dev-mahalohub-frontend",
                "container_port": 80,
                "elb_name": "",
                "target_group_arn": "arn:aws:elasticloadbalancing:us-east-1:383798767483:targetgroup/dev-mahalohub-frontend/fce3496e5408529d"
              }
            ],
            "name": "dev-mahalohub-frontend",
            "network_configuration": [
              {
                "assign_public_ip": true,
                "security_groups": [
                  "sg-0eeab59f424db3447"
                ],
                "subnets": [
                  "subnet-067a254fd39400585",
                  "subnet-0a5ce22a42e94afa7"
                ]
              }
            ],
            "ordered_placement_strategy": [],
            "placement_constraints": [],
            "platform_version": "LATEST",
            "propagate_tags": "NONE",
            "scheduling_strategy": "REPLICA",
            "service_connect_configuration": [],
            "service_registries": [],
            "tags": {
              "Environment": "dev",
              "Name": "dev-mahalohub-frontend",
              "Terraform": "Yes"
            },
            "tags_all": {
              "Environment": "dev",
              "Name": "dev-mahalohub-frontend",
              "Terraform": "Yes"
            },
            "task_definition": "arn:aws:ecs:us-east-1:383798767483:task-definition/dev-mahalohub-frontend:1",
            "timeouts": null,
            "triggers": {},
            "wait_for_steady_state": false
          },
          "sensitive_attributes": [],
          "private": "eyJlMmJmYjczMC1lY2FhLTExZTYtOGY4OC0zNDM2M2JjN2M0YzAiOnsiY3JlYXRlIjoxMjAwMDAwMDAwMDAwLCJkZWxldGUiOjEyMDAwMDAwMDAwMDAsInVwZGF0ZSI6MTIwMDAwMDAwMDAwMH19",
          "dependencies": [
            "module.app_sg.aws_security_group.this",
            "module.ecs_cluster.aws_ecs_cluster.default",
            "module.frontend_alb.aws_alb_target_group.default",
            "module.frontend_task_definition.aws_cloudwatch_log_group.this",
            "module.frontend_task_definition.aws_ecs_task_definition.default",
            "module.iam.aws_iam_role.task_execution_role",
            "module.vpc.data.aws_availability_zones.available",
            "module.vpc.module.vpc.aws_vpc_ipv4_cidr_block_association.this",
            "module.vpc.module.vpc.aws_subnet.private",
            "module.vpc.module.vpc.aws_subnet.public",
            "module.vpc.module.vpc.aws_vpc.this"
          ]
        }
      ]
    },
    {
      "module": "module.frontend_task_definition",
      "mode": "managed",
      "type": "aws_cloudwatch_log_group",
      "name": "this",
      "provider": "provider[\"registry.terraform.io/hashicorp/aws\"]",
      "instances": [
        {
          "schema_version": 0,
          "attributes": {
            "arn": "arn:aws:logs:us-east-1:383798767483:log-group:/ecs/dev/mahalohub/frontend",
            "id": "/ecs/dev/mahalohub/frontend",
            "kms_key_id": "",
            "log_group_class": "STANDARD",
            "name": "/ecs/dev/mahalohub/frontend",
            "name_prefix": "",
            "retention_in_days": 0,
            "skip_destroy": false,
            "tags": {
              "Environment": "dev",
              "Name": "dev-mahalohub-frontend"
            },
            "tags_all": {
              "Environment": "dev",
              "Name": "dev-mahalohub-frontend"
            }
          },
          "sensitive_attributes": [],
          "private": "bnVsbA=="
        }
      ]
    },
    {
      "module": "module.frontend_task_definition",
      "mode": "managed",
      "type": "aws_ecs_task_definition",
      "name": "default",
      "provider": "provider[\"registry.terraform.io/hashicorp/aws\"]",
      "instances": [
        {
          "schema_version": 1,
          "attributes": {
            "arn": "arn:aws:ecs:us-east-1:383798767483:task-definition/dev-mahalohub-frontend:1",
            "arn_without_revision": "arn:aws:ecs:us-east-1:383798767483:task-definition/dev-mahalohub-frontend",
            "container_definitions": "[{\"cpu\":1024,\"environment\":[{\"name\":\"AWS_REGION\",\"value\":\"us-east-1\"}],\"essential\":true,\"image\":\"nginx:latest\",\"logConfiguration\":{\"logDriver\":\"awslogs\",\"options\":{\"awslogs-group\":\"/ecs/dev/mahalohub/frontend\",\"awslogs-region\":\"us-east-1\",\"awslogs-stream-prefix\":\"ecs-logs\"}},\"memory\":2048,\"mountPoints\":[],\"name\":\"dev-mahalohub-frontend\",\"portMappings\":[{\"containerPort\":80,\"hostPort\":80,\"protocol\":\"tcp\"}],\"secrets\":[],\"volumesFrom\":[]}]",
            "cpu": "1024",
            "ephemeral_storage": [],
            "execution_role_arn": "arn:aws:iam::383798767483:role/dev-mahalohub-ecs-task-role",
            "family": "dev-mahalohub-frontend",
            "id": "dev-mahalohub-frontend",
            "inference_accelerator": [],
            "ipc_mode": "",
            "memory": "2048",
            "network_mode": "awsvpc",
            "pid_mode": "",
            "placement_constraints": [],
            "proxy_configuration": [],
            "requires_compatibilities": [
              "FARGATE"
            ],
            "revision": 1,
            "runtime_platform": [],
            "skip_destroy": false,
            "tags": {
              "Environment": "dev",
              "Name": "dev-mahalohub-frontend"
            },
            "tags_all": {
              "Environment": "dev",
              "Name": "dev-mahalohub-frontend"
            },
            "task_role_arn": "",
            "volume": []
          },
          "sensitive_attributes": [],
          "private": "eyJzY2hlbWFfdmVyc2lvbiI6IjEifQ==",
          "dependencies": [
            "module.ecs_cluster.aws_ecs_cluster.default",
            "module.frontend_task_definition.aws_cloudwatch_log_group.this",
            "module.iam.aws_iam_role.task_execution_role"
          ]
        }
      ]
    },
    {
      "module": "module.iam",
      "mode": "data",
      "type": "aws_iam_policy_document",
      "name": "ecs_service",
      "provider": "provider[\"registry.terraform.io/hashicorp/aws\"]",
      "instances": [
        {
          "schema_version": 0,
          "attributes": {
            "id": "1077804475",
            "json": "{\n  \"Version\": \"2012-10-17\",\n  \"Statement\": [\n    {\n      \"Effect\": \"Allow\",\n      \"Action\": \"sts:AssumeRole\",\n      \"Principal\": {\n        \"Service\": \"ecs-tasks.amazonaws.com\"\n      }\n    }\n  ]\n}",
            "override_policy_documents": null,
            "policy_id": null,
            "source_policy_documents": null,
            "statement": [
              {
                "actions": [
                  "sts:AssumeRole"
                ],
                "condition": [],
                "effect": "Allow",
                "not_actions": [],
                "not_principals": [],
                "not_resources": [],
                "principals": [
                  {
                    "identifiers": [
                      "ecs-tasks.amazonaws.com"
                    ],
                    "type": "Service"
                  }
                ],
                "resources": [],
                "sid": ""
              }
            ],
            "version": "2012-10-17"
          },
          "sensitive_attributes": []
        }
      ]
    },
    {
      "module": "module.iam",
      "mode": "data",
      "type": "aws_iam_policy_document",
      "name": "ecsexec",
      "provider": "provider[\"registry.terraform.io/hashicorp/aws\"]",
      "instances": [
        {
          "schema_version": 0,
          "attributes": {
            "id": "3168039442",
            "json": "{\n  \"Version\": \"2012-10-17\",\n  \"Statement\": [\n    {\n      \"Effect\": \"Allow\",\n      \"Action\": [\n        \"ssm:*\",\n        \"secretsmanager:GetSecretValue\",\n        \"iam:CreateServiceLinkedRole\",\n        \"ecs:UpdateService\",\n        \"ecs:UpdateContainerInstancesState\",\n        \"ecs:Submit*\",\n        \"ecs:StartTelemetrySession\",\n        \"ecs:RegisterContainerInstance\",\n        \"ecs:Poll\",\n        \"ecs:ExecuteCommand\",\n        \"ecs:DiscoverPollEndpoint\",\n        \"ecs:DescribeServices\",\n        \"ecs:DeregisterContainerInstance\",\n        \"ec2:DescribeTags\",\n        \"cloudwatch:PutMetricAlarm\",\n        \"cloudwatch:ListMetrics\",\n        \"cloudwatch:GetMetricStatistics\",\n        \"cloudwatch:EnableAlarmActions\",\n        \"cloudwatch:DisableAlarmActions\",\n        \"cloudwatch:DescribeAlarmsForMetric\",\n        \"cloudwatch:DescribeAlarms\",\n        \"cloudwatch:DescribeAlarmHistory\",\n        \"cloudwatch:DeleteAlarms\",\n        \"application-autoscaling:*\"\n      ],\n      \"Resource\": \"*\"\n    }\n  ]\n}",
            "override_policy_documents": null,
            "policy_id": null,
            "source_policy_documents": null,
            "statement": [
              {
                "actions": [
                  "application-autoscaling:*",
                  "cloudwatch:DeleteAlarms",
                  "cloudwatch:DescribeAlarmHistory",
                  "cloudwatch:DescribeAlarms",
                  "cloudwatch:DescribeAlarmsForMetric",
                  "cloudwatch:DisableAlarmActions",
                  "cloudwatch:EnableAlarmActions",
                  "cloudwatch:GetMetricStatistics",
                  "cloudwatch:ListMetrics",
                  "cloudwatch:PutMetricAlarm",
                  "ec2:DescribeTags",
                  "ecs:DeregisterContainerInstance",
                  "ecs:DescribeServices",
                  "ecs:DiscoverPollEndpoint",
                  "ecs:ExecuteCommand",
                  "ecs:Poll",
                  "ecs:RegisterContainerInstance",
                  "ecs:StartTelemetrySession",
                  "ecs:Submit*",
                  "ecs:UpdateContainerInstancesState",
                  "ecs:UpdateService",
                  "iam:CreateServiceLinkedRole",
                  "secretsmanager:GetSecretValue",
                  "ssm:*"
                ],
                "condition": [],
                "effect": "Allow",
                "not_actions": [],
                "not_principals": [],
                "not_resources": [],
                "principals": [],
                "resources": [
                  "*"
                ],
                "sid": ""
              }
            ],
            "version": "2012-10-17"
          },
          "sensitive_attributes": []
        }
      ]
    },
    {
      "module": "module.iam",
      "mode": "data",
      "type": "aws_iam_policy_document",
      "name": "ssm",
      "provider": "provider[\"registry.terraform.io/hashicorp/aws\"]",
      "instances": [
        {
          "schema_version": 0,
          "attributes": {
            "id": "3621793318",
            "json": "{\n  \"Version\": \"2012-10-17\",\n  \"Statement\": [\n    {\n      \"Effect\": \"Allow\",\n      \"Action\": [\n        \"ssmmessages:OpenDataChannel\",\n        \"ssmmessages:OpenControlChannel\",\n        \"ssmmessages:CreateDataChannel\",\n        \"ssmmessages:CreateControlChannel\"\n      ],\n      \"Resource\": \"*\"\n    }\n  ]\n}",
            "override_policy_documents": null,
            "policy_id": null,
            "source_policy_documents": null,
            "statement": [
              {
                "actions": [
                  "ssmmessages:CreateControlChannel",
                  "ssmmessages:CreateDataChannel",
                  "ssmmessages:OpenControlChannel",
                  "ssmmessages:OpenDataChannel"
                ],
                "condition": [],
                "effect": "Allow",
                "not_actions": [],
                "not_principals": [],
                "not_resources": [],
                "principals": [],
                "resources": [
                  "*"
                ],
                "sid": ""
              }
            ],
            "version": "2012-10-17"
          },
          "sensitive_attributes": []
        }
      ]
    },
    {
      "module": "module.iam",
      "mode": "managed",
      "type": "aws_iam_policy",
      "name": "ecsexec",
      "provider": "provider[\"registry.terraform.io/hashicorp/aws\"]",
      "instances": [
        {
          "schema_version": 0,
          "attributes": {
            "arn": "arn:aws:iam::383798767483:policy/dev-mahalohub-ecsexec",
            "description": "",
            "id": "arn:aws:iam::383798767483:policy/dev-mahalohub-ecsexec",
            "name": "dev-mahalohub-ecsexec",
            "name_prefix": "",
            "path": "/",
            "policy": "{\"Statement\":[{\"Action\":[\"ssm:*\",\"secretsmanager:GetSecretValue\",\"iam:CreateServiceLinkedRole\",\"ecs:UpdateService\",\"ecs:UpdateContainerInstancesState\",\"ecs:Submit*\",\"ecs:StartTelemetrySession\",\"ecs:RegisterContainerInstance\",\"ecs:Poll\",\"ecs:ExecuteCommand\",\"ecs:DiscoverPollEndpoint\",\"ecs:DescribeServices\",\"ecs:DeregisterContainerInstance\",\"ec2:DescribeTags\",\"cloudwatch:PutMetricAlarm\",\"cloudwatch:ListMetrics\",\"cloudwatch:GetMetricStatistics\",\"cloudwatch:EnableAlarmActions\",\"cloudwatch:DisableAlarmActions\",\"cloudwatch:DescribeAlarmsForMetric\",\"cloudwatch:DescribeAlarms\",\"cloudwatch:DescribeAlarmHistory\",\"cloudwatch:DeleteAlarms\",\"application-autoscaling:*\"],\"Effect\":\"Allow\",\"Resource\":\"*\"}],\"Version\":\"2012-10-17\"}",
            "policy_id": "ANPAVSXBQN55RBMCJMZQQ",
            "tags": {},
            "tags_all": {}
          },
          "sensitive_attributes": [],
          "private": "bnVsbA==",
          "dependencies": [
            "module.iam.data.aws_iam_policy_document.ecsexec"
          ]
        }
      ]
    },
    {
      "module": "module.iam",
      "mode": "managed",
      "type": "aws_iam_policy",
      "name": "ssm",
      "provider": "provider[\"registry.terraform.io/hashicorp/aws\"]",
      "instances": [
        {
          "schema_version": 0,
          "attributes": {
            "arn": "arn:aws:iam::383798767483:policy/dev-mahalohub-ssm",
            "description": "",
            "id": "arn:aws:iam::383798767483:policy/dev-mahalohub-ssm",
            "name": "dev-mahalohub-ssm",
            "name_prefix": "",
            "path": "/",
            "policy": "{\"Statement\":[{\"Action\":[\"ssmmessages:OpenDataChannel\",\"ssmmessages:OpenControlChannel\",\"ssmmessages:CreateDataChannel\",\"ssmmessages:CreateControlChannel\"],\"Effect\":\"Allow\",\"Resource\":\"*\"}],\"Version\":\"2012-10-17\"}",
            "policy_id": "ANPAVSXBQN557TPGPZVBH",
            "tags": {},
            "tags_all": {}
          },
          "sensitive_attributes": [],
          "private": "bnVsbA==",
          "dependencies": [
            "module.iam.data.aws_iam_policy_document.ssm"
          ]
        }
      ]
    },
    {
      "module": "module.iam",
      "mode": "managed",
      "type": "aws_iam_policy_attachment",
      "name": "ecsexec",
      "provider": "provider[\"registry.terraform.io/hashicorp/aws\"]",
      "instances": [
        {
          "schema_version": 0,
          "attributes": {
            "groups": [],
            "id": "dev-mahalohub-ecsexec",
            "name": "dev-mahalohub-ecsexec",
            "policy_arn": "arn:aws:iam::383798767483:policy/dev-mahalohub-ecsexec",
            "roles": [
              "dev-mahalohub-ecs-service-role"
            ],
            "users": []
          },
          "sensitive_attributes": [],
          "private": "bnVsbA==",
          "dependencies": [
            "module.iam.aws_iam_policy.ecsexec",
            "module.iam.aws_iam_role.ecs_service",
            "module.iam.data.aws_iam_policy_document.ecs_service",
            "module.iam.data.aws_iam_policy_document.ecsexec"
          ]
        }
      ]
    },
    {
      "module": "module.iam",
      "mode": "managed",
      "type": "aws_iam_policy_attachment",
      "name": "ssm",
      "provider": "provider[\"registry.terraform.io/hashicorp/aws\"]",
      "instances": [
        {
          "schema_version": 0,
          "attributes": {
            "groups": [],
            "id": "dev-mahalohub-ssm",
            "name": "dev-mahalohub-ssm",
            "policy_arn": "arn:aws:iam::383798767483:policy/dev-mahalohub-ssm",
            "roles": [
              "dev-mahalohub-ecs-service-role"
            ],
            "users": []
          },
          "sensitive_attributes": [],
          "private": "bnVsbA==",
          "dependencies": [
            "module.iam.aws_iam_policy.ssm",
            "module.iam.aws_iam_role.ecs_service",
            "module.iam.data.aws_iam_policy_document.ecs_service",
            "module.iam.data.aws_iam_policy_document.ssm"
          ]
        }
      ]
    },
    {
      "module": "module.iam",
      "mode": "managed",
      "type": "aws_iam_role",
      "name": "ecs_service",
      "provider": "provider[\"registry.terraform.io/hashicorp/aws\"]",
      "instances": [
        {
          "schema_version": 0,
          "attributes": {
            "arn": "arn:aws:iam::383798767483:role/dev-mahalohub-ecs-service-role",
            "assume_role_policy": "{\"Statement\":[{\"Action\":\"sts:AssumeRole\",\"Effect\":\"Allow\",\"Principal\":{\"Service\":\"ecs-tasks.amazonaws.com\"}}],\"Version\":\"2012-10-17\"}",
            "create_date": "2024-02-02T10:58:03Z",
            "description": "",
            "force_detach_policies": false,
            "id": "dev-mahalohub-ecs-service-role",
            "inline_policy": [],
            "managed_policy_arns": [
              "arn:aws:iam::383798767483:policy/dev-mahalohub-ecsexec",
              "arn:aws:iam::383798767483:policy/dev-mahalohub-ssm"
            ],
            "max_session_duration": 3600,
            "name": "dev-mahalohub-ecs-service-role",
            "name_prefix": "",
            "path": "/",
            "permissions_boundary": "",
            "tags": {},
            "tags_all": {},
            "unique_id": "AROAVSXBQN55ZIWMAZNZR"
          },
          "sensitive_attributes": [],
          "private": "bnVsbA==",
          "dependencies": [
            "module.iam.data.aws_iam_policy_document.ecs_service"
          ]
        }
      ]
    },
    {
      "module": "module.iam",
      "mode": "managed",
      "type": "aws_iam_role",
      "name": "task_execution_role",
      "provider": "provider[\"registry.terraform.io/hashicorp/aws\"]",
      "instances": [
        {
          "schema_version": 0,
          "attributes": {
            "arn": "arn:aws:iam::383798767483:role/dev-mahalohub-ecs-task-role",
            "assume_role_policy": "{\"Statement\":[{\"Action\":\"sts:AssumeRole\",\"Effect\":\"Allow\",\"Principal\":{\"Service\":\"ecs-tasks.amazonaws.com\"},\"Sid\":\"\"}],\"Version\":\"2012-10-17\"}",
            "create_date": "2024-02-02T10:58:03Z",
            "description": "",
            "force_detach_policies": false,
            "id": "dev-mahalohub-ecs-task-role",
            "inline_policy": [],
            "managed_policy_arns": [
              "arn:aws:iam::aws:policy/AmazonEC2ContainerRegistryFullAccess",
              "arn:aws:iam::aws:policy/AmazonSSMFullAccess",
              "arn:aws:iam::aws:policy/service-role/AmazonECSTaskExecutionRolePolicy"
            ],
            "max_session_duration": 3600,
            "name": "dev-mahalohub-ecs-task-role",
            "name_prefix": "",
            "path": "/",
            "permissions_boundary": "",
            "tags": {},
            "tags_all": {},
            "unique_id": "AROAVSXBQN55SWV5SA2NC"
          },
          "sensitive_attributes": [],
          "private": "bnVsbA=="
        }
      ]
    },
    {
      "module": "module.rds",
      "mode": "managed",
      "type": "aws_db_subnet_group",
      "name": "rds_sbg",
      "provider": "provider[\"registry.terraform.io/hashicorp/aws\"]",
      "instances": [
        {
          "schema_version": 0,
          "attributes": {
            "arn": "arn:aws:rds:us-east-1:383798767483:subgrp:mahalohub-dev-frontend-rds-subnet-group",
            "description": "Managed by Terraform",
            "id": "mahalohub-dev-frontend-rds-subnet-group",
            "name": "mahalohub-dev-frontend-rds-subnet-group",
            "name_prefix": "",
            "subnet_ids": [
              "subnet-067a254fd39400585",
              "subnet-0a5ce22a42e94afa7"
            ],
            "supported_network_types": [
              "IPV4"
            ],
            "tags": {
              "Environment": "dev",
              "Name": "mahalohub-dev-frontend-rds-subnet-group"
            },
            "tags_all": {
              "Environment": "dev",
              "Name": "mahalohub-dev-frontend-rds-subnet-group"
            },
            "vpc_id": "vpc-071c5ea6f5f888c9a"
          },
          "sensitive_attributes": [],
          "private": "bnVsbA==",
          "dependencies": [
            "module.vpc.data.aws_availability_zones.available",
            "module.vpc.module.vpc.aws_subnet.private",
            "module.vpc.module.vpc.aws_subnet.public",
            "module.vpc.module.vpc.aws_vpc.this",
            "module.vpc.module.vpc.aws_vpc_ipv4_cidr_block_association.this"
          ]
        }
      ]
    },
    {
      "module": "module.rds",
      "mode": "managed",
      "type": "aws_security_group",
      "name": "rds_postgres_sg",
      "provider": "provider[\"registry.terraform.io/hashicorp/aws\"]",
      "instances": [
        {
          "schema_version": 1,
          "attributes": {
            "arn": "arn:aws:ec2:us-east-1:383798767483:security-group/sg-06edd6e0449e2df9f",
            "description": "Allow access to the RDS database instance.",
            "egress": [
              {
                "cidr_blocks": [],
                "description": "",
                "from_port": 0,
                "ipv6_cidr_blocks": [],
                "prefix_list_ids": [],
                "protocol": "-1",
                "security_groups": [
                  "sg-0eb35fd3e7afb0c86",
                  "sg-0eeab59f424db3447"
                ],
                "self": false,
                "to_port": 0
              }
            ],
            "id": "sg-06edd6e0449e2df9f",
            "ingress": [
              {
                "cidr_blocks": [],
                "description": "",
                "from_port": 5432,
                "ipv6_cidr_blocks": [],
                "prefix_list_ids": [],
                "protocol": "tcp",
                "security_groups": [
                  "sg-0eb35fd3e7afb0c86",
                  "sg-0eeab59f424db3447"
                ],
                "self": false,
                "to_port": 5432
              }
            ],
            "name": "dev-mahalohub-rds-sg",
            "name_prefix": "",
            "owner_id": "383798767483",
            "revoke_rules_on_delete": false,
            "tags": {
              "Environment": "dev",
              "Name": "dev-mahalohub-rds-postgres-sg",
              "Terraform": "Yes"
            },
            "tags_all": {
              "Environment": "dev",
              "Name": "dev-mahalohub-rds-postgres-sg",
              "Terraform": "Yes"
            },
            "timeouts": null,
            "vpc_id": "vpc-071c5ea6f5f888c9a"
          },
          "sensitive_attributes": [],
          "private": "eyJlMmJmYjczMC1lY2FhLTExZTYtOGY4OC0zNDM2M2JjN2M0YzAiOnsiY3JlYXRlIjo2MDAwMDAwMDAwMDAsImRlbGV0ZSI6OTAwMDAwMDAwMDAwfSwic2NoZW1hX3ZlcnNpb24iOiIxIn0=",
          "dependencies": [
            "module.app_sg.aws_security_group.this",
            "module.ssh_security_group.aws_security_group.allow_ssh",
            "module.vpc.module.vpc.aws_vpc.this"
          ]
        }
      ]
    },
    {
      "module": "module.rds",
      "mode": "managed",
      "type": "aws_ssm_parameter",
      "name": "master_password",
      "provider": "provider[\"registry.terraform.io/hashicorp/aws\"]",
      "instances": [
        {
          "schema_version": 0,
          "attributes": {
            "allowed_pattern": "",
            "arn": "arn:aws:ssm:us-east-1:383798767483:parameter/dev/mahalohub-dev-frontend/master_password",
            "data_type": "text",
            "description": "Master password for RDS",
            "id": "/dev/mahalohub-dev-frontend/master_password",
            "insecure_value": null,
            "key_id": "alias/aws/ssm",
            "name": "/dev/mahalohub-dev-frontend/master_password",
            "overwrite": null,
            "tags": {},
            "tags_all": {},
            "tier": "Standard",
            "type": "SecureString",
            "value": "kHajDXhjzVKvqYzK",
            "version": 1
          },
          "sensitive_attributes": [
            [
              {
                "type": "get_attr",
                "value": "value"
              }
            ]
          ],
          "private": "bnVsbA==",
          "dependencies": [
            "module.rds.random_password.master_password"
          ]
        }
      ]
    },
    {
      "module": "module.rds",
      "mode": "managed",
      "type": "random_password",
      "name": "master_password",
      "provider": "provider[\"registry.terraform.io/hashicorp/random\"]",
      "instances": [
        {
          "schema_version": 3,
          "attributes": {
            "bcrypt_hash": "$2a$10$ru86S6OL.LajnraMoWXnPekkHnIZjEbxMRw.Kjgm9WG.DGUzfX3h.",
            "id": "none",
            "keepers": null,
            "length": 16,
            "lower": true,
            "min_lower": 0,
            "min_numeric": 0,
            "min_special": 0,
            "min_upper": 0,
            "number": true,
            "numeric": true,
            "override_special": null,
            "result": "kHajDXhjzVKvqYzK",
            "special": false,
            "upper": true
          },
          "sensitive_attributes": []
        }
      ]
    },
    {
      "module": "module.route53",
      "mode": "data",
      "type": "aws_route53_zone",
      "name": "selected",
      "provider": "provider[\"registry.terraform.io/hashicorp/aws\"]",
      "instances": [
        {
          "schema_version": 0,
          "attributes": {
            "arn": "arn:aws:route53:::hostedzone/Z00372883V6ADMC53H5EH",
            "caller_reference": "RISWorkflow-RD:4ad90778-1ca4-4ad1-b1f1-c01a3c9f65d0",
            "comment": "HostedZone created by Route53 Registrar",
            "id": "Z00372883V6ADMC53H5EH",
            "linked_service_description": null,
            "linked_service_principal": null,
            "name": "mymahalohub.com",
            "name_servers": [
              "ns-2046.awsdns-63.co.uk",
              "ns-1247.awsdns-27.org",
              "ns-624.awsdns-14.net",
              "ns-220.awsdns-27.com"
            ],
            "primary_name_server": "ns-2046.awsdns-63.co.uk",
            "private_zone": false,
            "resource_record_set_count": 28,
            "tags": {},
            "vpc_id": null,
            "zone_id": "Z00372883V6ADMC53H5EH"
          },
          "sensitive_attributes": []
        }
      ]
    },
    {
      "module": "module.route53",
      "mode": "managed",
      "type": "aws_acm_certificate",
      "name": "acm_certificate",
      "provider": "provider[\"registry.terraform.io/hashicorp/aws\"]",
      "instances": [
        {
          "schema_version": 0,
          "attributes": {
            "arn": "arn:aws:acm:us-east-1:383798767483:certificate/40c62899-e18c-46b2-85e7-f24340e80143",
            "certificate_authority_arn": "",
            "certificate_body": null,
            "certificate_chain": null,
            "domain_name": "mymahalohub.com",
            "domain_validation_options": [
              {
                "domain_name": "mymahalohub.com",
                "resource_record_name": "_155c332f6fd861fa06a8c2f392363ed9.mymahalohub.com.",
                "resource_record_type": "CNAME",
                "resource_record_value": "_d55ed97acd53ae6e5e6fa8d57fe4ca1c.fgsdscwdjl.acm-validations.aws."
              }
            ],
            "early_renewal_duration": "",
            "id": "arn:aws:acm:us-east-1:383798767483:certificate/40c62899-e18c-46b2-85e7-f24340e80143",
            "key_algorithm": "RSA_2048",
            "not_after": "2025-03-02T23:59:59Z",
            "not_before": "2024-02-02T00:00:00Z",
            "options": [
              {
                "certificate_transparency_logging_preference": "ENABLED"
              }
            ],
            "pending_renewal": false,
            "private_key": null,
            "renewal_eligibility": "INELIGIBLE",
            "renewal_summary": [],
            "status": "ISSUED",
            "subject_alternative_names": [
              "mymahalohub.com"
            ],
            "tags": {
              "Environment": "test"
            },
            "tags_all": {
              "Environment": "test"
            },
            "type": "AMAZON_ISSUED",
            "validation_emails": [],
            "validation_method": "DNS",
            "validation_option": []
          },
          "sensitive_attributes": [],
          "private": "bnVsbA==",
          "create_before_destroy": true
        }
      ]
    },
    {
      "module": "module.route53",
      "mode": "managed",
      "type": "aws_acm_certificate_validation",
      "name": "example",
      "provider": "provider[\"registry.terraform.io/hashicorp/aws\"]",
      "instances": [
        {
          "schema_version": 0,
          "attributes": {
            "certificate_arn": "arn:aws:acm:us-east-1:383798767483:certificate/40c62899-e18c-46b2-85e7-f24340e80143",
            "id": "2024-02-02 10:58:28.666 +0000 UTC",
            "timeouts": null,
            "validation_record_fqdns": [
              "_155c332f6fd861fa06a8c2f392363ed9.mymahalohub.com"
            ]
          },
          "sensitive_attributes": [],
          "private": "eyJlMmJmYjczMC1lY2FhLTExZTYtOGY4OC0zNDM2M2JjN2M0YzAiOnsiY3JlYXRlIjo0NTAwMDAwMDAwMDAwfX0=",
          "dependencies": [
            "module.route53.aws_acm_certificate.acm_certificate",
            "module.route53.aws_route53_record.record",
            "module.route53.data.aws_route53_zone.selected"
          ]
        }
      ]
    },
    {
      "module": "module.route53",
      "mode": "managed",
      "type": "aws_route53_record",
      "name": "record",
      "provider": "provider[\"registry.terraform.io/hashicorp/aws\"]",
      "instances": [
        {
          "index_key": "mymahalohub.com",
          "schema_version": 2,
          "attributes": {
            "alias": [],
            "allow_overwrite": true,
            "cidr_routing_policy": [],
            "failover_routing_policy": [],
            "fqdn": "_155c332f6fd861fa06a8c2f392363ed9.mymahalohub.com",
            "geolocation_routing_policy": [],
            "health_check_id": "",
            "id": "Z00372883V6ADMC53H5EH__155c332f6fd861fa06a8c2f392363ed9.mymahalohub.com._CNAME",
            "latency_routing_policy": [],
            "multivalue_answer_routing_policy": false,
            "name": "_155c332f6fd861fa06a8c2f392363ed9.mymahalohub.com",
            "records": [
              "_d55ed97acd53ae6e5e6fa8d57fe4ca1c.fgsdscwdjl.acm-validations.aws."
            ],
            "set_identifier": "",
            "ttl": 60,
            "type": "CNAME",
            "weighted_routing_policy": [],
            "zone_id": "Z00372883V6ADMC53H5EH"
          },
          "sensitive_attributes": [],
          "private": "eyJzY2hlbWFfdmVyc2lvbiI6IjIifQ==",
          "dependencies": [
            "module.route53.aws_acm_certificate.acm_certificate",
            "module.route53.data.aws_route53_zone.selected"
          ]
        }
      ]
    },
    {
      "module": "module.s3",
      "mode": "data",
      "type": "aws_iam_policy_document",
      "name": "s3_policy",
      "provider": "provider[\"registry.terraform.io/hashicorp/aws\"]",
      "instances": [
        {
          "schema_version": 0,
          "attributes": {
            "id": "2509620383",
            "json": "{\n  \"Version\": \"2012-10-17\",\n  \"Statement\": [\n    {\n      \"Effect\": \"Allow\",\n      \"Action\": \"s3:GetObject\",\n      \"Resource\": \"arn:aws:s3:::mahalohubfrontend/*\",\n      \"Principal\": {\n        \"AWS\": \"arn:aws:iam::cloudfront:user/CloudFront Origin Access Identity E33EAV9AOMT99U\"\n      }\n    },\n    {\n      \"Effect\": \"Allow\",\n      \"Action\": \"s3:ListBucket\",\n      \"Resource\": \"arn:aws:s3:::mahalohubfrontend\",\n      \"Principal\": {\n        \"AWS\": \"arn:aws:iam::cloudfront:user/CloudFront Origin Access Identity E33EAV9AOMT99U\"\n      }\n    }\n  ]\n}",
            "override_policy_documents": null,
            "policy_id": null,
            "source_policy_documents": null,
            "statement": [
              {
                "actions": [
                  "s3:GetObject"
                ],
                "condition": [],
                "effect": "Allow",
                "not_actions": [],
                "not_principals": [],
                "not_resources": [],
                "principals": [
                  {
                    "identifiers": [
                      "arn:aws:iam::cloudfront:user/CloudFront Origin Access Identity E33EAV9AOMT99U"
                    ],
                    "type": "AWS"
                  }
                ],
                "resources": [
                  "arn:aws:s3:::mahalohubfrontend/*"
                ],
                "sid": ""
              },
              {
                "actions": [
                  "s3:ListBucket"
                ],
                "condition": [],
                "effect": "Allow",
                "not_actions": [],
                "not_principals": [],
                "not_resources": [],
                "principals": [
                  {
                    "identifiers": [
                      "arn:aws:iam::cloudfront:user/CloudFront Origin Access Identity E33EAV9AOMT99U"
                    ],
                    "type": "AWS"
                  }
                ],
                "resources": [
                  "arn:aws:s3:::mahalohubfrontend"
                ],
                "sid": ""
              }
            ],
            "version": "2012-10-17"
          },
          "sensitive_attributes": []
        }
      ]
    },
    {
      "module": "module.s3",
      "mode": "managed",
      "type": "aws_s3_bucket",
      "name": "mybucket",
      "provider": "provider[\"registry.terraform.io/hashicorp/aws\"]",
      "instances": [
        {
          "schema_version": 0,
          "attributes": {
            "acceleration_status": "",
            "acl": null,
            "arn": "arn:aws:s3:::mahalohubfrontend",
            "bucket": "mahalohubfrontend",
            "bucket_domain_name": "mahalohubfrontend.s3.amazonaws.com",
            "bucket_prefix": "",
            "bucket_regional_domain_name": "mahalohubfrontend.s3.us-east-1.amazonaws.com",
            "cors_rule": [],
            "force_destroy": false,
            "grant": [
              {
                "id": "462259156e1be5ef86d8da9db1fd690116830ba14cf9ec0f448abb984196eaa6",
                "permissions": [
                  "FULL_CONTROL"
                ],
                "type": "CanonicalUser",
                "uri": ""
              }
            ],
            "hosted_zone_id": "Z3AQBSTGFYJSTF",
            "id": "mahalohubfrontend",
            "lifecycle_rule": [],
            "logging": [],
            "object_lock_configuration": [],
            "object_lock_enabled": false,
            "policy": "{\"Statement\":[{\"Action\":\"s3:GetObject\",\"Effect\":\"Allow\",\"Principal\":{\"AWS\":\"arn:aws:iam::cloudfront:user/CloudFront Origin Access Identity E33EAV9AOMT99U\"},\"Resource\":\"arn:aws:s3:::mahalohubfrontend/*\"},{\"Action\":\"s3:ListBucket\",\"Effect\":\"Allow\",\"Principal\":{\"AWS\":\"arn:aws:iam::cloudfront:user/CloudFront Origin Access Identity E33EAV9AOMT99U\"},\"Resource\":\"arn:aws:s3:::mahalohubfrontend\"}],\"Version\":\"2012-10-17\"}",
            "region": "us-east-1",
            "replication_configuration": [],
            "request_payer": "BucketOwner",
            "server_side_encryption_configuration": [
              {
                "rule": [
                  {
                    "apply_server_side_encryption_by_default": [
                      {
                        "kms_master_key_id": "",
                        "sse_algorithm": "AES256"
                      }
                    ],
                    "bucket_key_enabled": false
                  }
                ]
              }
            ],
            "tags": {
              "Environment": "development",
              "Name": "mahalohubfrontend"
            },
            "tags_all": {
              "Environment": "development",
              "Name": "mahalohubfrontend"
            },
            "timeouts": null,
            "versioning": [
              {
                "enabled": true,
                "mfa_delete": false
              }
            ],
            "website": [
              {
                "error_document": "",
                "index_document": "index.html",
                "redirect_all_requests_to": "",
                "routing_rules": ""
              }
            ],
            "website_domain": "s3-website-us-east-1.amazonaws.com",
            "website_endpoint": "mahalohubfrontend.s3-website-us-east-1.amazonaws.com"
          },
          "sensitive_attributes": [],
          "private": "eyJlMmJmYjczMC1lY2FhLTExZTYtOGY4OC0zNDM2M2JjN2M0YzAiOnsiY3JlYXRlIjoxMjAwMDAwMDAwMDAwLCJkZWxldGUiOjM2MDAwMDAwMDAwMDAsInJlYWQiOjEyMDAwMDAwMDAwMDAsInVwZGF0ZSI6MTIwMDAwMDAwMDAwMH19"
        }
      ]
    },
    {
      "module": "module.s3",
      "mode": "managed",
      "type": "aws_s3_bucket_policy",
      "name": "mybucket",
      "provider": "provider[\"registry.terraform.io/hashicorp/aws\"]",
      "instances": [
        {
          "schema_version": 0,
          "attributes": {
            "bucket": "mahalohubfrontend",
            "id": "mahalohubfrontend",
            "policy": "{\"Statement\":[{\"Action\":\"s3:GetObject\",\"Effect\":\"Allow\",\"Principal\":{\"AWS\":\"arn:aws:iam::cloudfront:user/CloudFront Origin Access Identity E33EAV9AOMT99U\"},\"Resource\":\"arn:aws:s3:::mahalohubfrontend/*\"},{\"Action\":\"s3:ListBucket\",\"Effect\":\"Allow\",\"Principal\":{\"AWS\":\"arn:aws:iam::cloudfront:user/CloudFront Origin Access Identity E33EAV9AOMT99U\"},\"Resource\":\"arn:aws:s3:::mahalohubfrontend\"}],\"Version\":\"2012-10-17\"}"
          },
          "sensitive_attributes": [],
          "private": "bnVsbA==",
          "dependencies": [
            "module.cloudfront.aws_cloudfront_origin_access_identity.origin_access_identity",
            "module.s3.aws_s3_bucket.mybucket",
            "module.s3.data.aws_iam_policy_document.s3_policy"
          ]
        }
      ]
    },
    {
      "module": "module.s3",
      "mode": "managed",
      "type": "aws_s3_bucket_public_access_block",
      "name": "mybucket",
      "provider": "provider[\"registry.terraform.io/hashicorp/aws\"]",
      "instances": [
        {
          "schema_version": 0,
          "attributes": {
            "block_public_acls": true,
            "block_public_policy": true,
            "bucket": "mahalohubfrontend",
            "id": "mahalohubfrontend",
            "ignore_public_acls": true,
            "restrict_public_buckets": true
          },
          "sensitive_attributes": [],
          "private": "bnVsbA==",
          "dependencies": [
            "module.s3.aws_s3_bucket.mybucket"
          ]
        }
      ]
    },
    {
      "module": "module.s3",
      "mode": "managed",
      "type": "aws_s3_bucket_versioning",
      "name": "bucket_versioning",
      "provider": "provider[\"registry.terraform.io/hashicorp/aws\"]",
      "instances": [
        {
          "schema_version": 0,
          "attributes": {
            "bucket": "mahalohubfrontend",
            "expected_bucket_owner": "",
            "id": "mahalohubfrontend",
            "mfa": null,
            "versioning_configuration": [
              {
                "mfa_delete": "",
                "status": "Enabled"
              }
            ]
          },
          "sensitive_attributes": [],
          "private": "bnVsbA==",
          "dependencies": [
            "module.s3.aws_s3_bucket.mybucket"
          ]
        }
      ]
    },
    {
      "module": "module.s3",
      "mode": "managed",
      "type": "aws_s3_bucket_website_configuration",
      "name": "s3bucket_website",
      "provider": "provider[\"registry.terraform.io/hashicorp/aws\"]",
      "instances": [
        {
          "schema_version": 0,
          "attributes": {
            "bucket": "mahalohubfrontend",
            "error_document": [],
            "expected_bucket_owner": "",
            "id": "mahalohubfrontend",
            "index_document": [
              {
                "suffix": "index.html"
              }
            ],
            "redirect_all_requests_to": [],
            "routing_rule": [],
            "routing_rules": "",
            "website_domain": "s3-website-us-east-1.amazonaws.com",
            "website_endpoint": "mahalohubfrontend.s3-website-us-east-1.amazonaws.com"
          },
          "sensitive_attributes": [],
          "private": "bnVsbA==",
          "dependencies": [
            "module.s3.aws_s3_bucket.mybucket"
          ]
        }
      ]
    },
    {
      "module": "module.ssh_security_group",
      "mode": "managed",
      "type": "aws_security_group",
      "name": "allow_ssh",
      "provider": "provider[\"registry.terraform.io/hashicorp/aws\"]",
      "instances": [
        {
          "schema_version": 1,
          "attributes": {
            "arn": "arn:aws:ec2:us-east-1:383798767483:security-group/sg-0eb35fd3e7afb0c86",
            "description": "Allow all SSH inbound traffic",
            "egress": [
              {
                "cidr_blocks": [
                  "0.0.0.0/0"
                ],
                "description": "",
                "from_port": 0,
                "ipv6_cidr_blocks": [],
                "prefix_list_ids": [],
                "protocol": "-1",
                "security_groups": [],
                "self": false,
                "to_port": 0
              }
            ],
            "id": "sg-0eb35fd3e7afb0c86",
            "ingress": [
              {
                "cidr_blocks": [
                  "0.0.0.0/0"
                ],
                "description": "",
                "from_port": 22,
                "ipv6_cidr_blocks": [],
                "prefix_list_ids": [],
                "protocol": "tcp",
                "security_groups": [],
                "self": false,
                "to_port": 22
              }
            ],
            "name": "allow_ssh",
            "name_prefix": "",
            "owner_id": "383798767483",
            "revoke_rules_on_delete": false,
            "tags": {},
            "tags_all": {},
            "timeouts": null,
            "vpc_id": "vpc-071c5ea6f5f888c9a"
          },
          "sensitive_attributes": [],
          "private": "eyJlMmJmYjczMC1lY2FhLTExZTYtOGY4OC0zNDM2M2JjN2M0YzAiOnsiY3JlYXRlIjo2MDAwMDAwMDAwMDAsImRlbGV0ZSI6OTAwMDAwMDAwMDAwfSwic2NoZW1hX3ZlcnNpb24iOiIxIn0=",
          "dependencies": [
            "module.vpc.module.vpc.aws_vpc.this"
          ]
        }
      ]
    },
    {
      "module": "module.vpc",
      "mode": "data",
      "type": "aws_availability_zones",
      "name": "available",
      "provider": "provider[\"registry.terraform.io/hashicorp/aws\"]",
      "instances": [
        {
          "schema_version": 0,
          "attributes": {
            "all_availability_zones": null,
            "exclude_names": null,
            "exclude_zone_ids": null,
            "filter": null,
            "group_names": [
              "us-east-1"
            ],
            "id": "us-east-1",
            "names": [
              "us-east-1a",
              "us-east-1b",
              "us-east-1c",
              "us-east-1d",
              "us-east-1e",
              "us-east-1f"
            ],
            "state": "available",
            "timeouts": null,
            "zone_ids": [
              "use1-az6",
              "use1-az1",
              "use1-az2",
              "use1-az4",
              "use1-az3",
              "use1-az5"
            ]
          },
          "sensitive_attributes": []
        }
      ]
    },
    {
      "module": "module.vpc.module.vpc",
      "mode": "managed",
      "type": "aws_default_network_acl",
      "name": "this",
      "provider": "provider[\"registry.terraform.io/hashicorp/aws\"]",
      "instances": [
        {
          "index_key": 0,
          "schema_version": 0,
          "attributes": {
            "arn": "arn:aws:ec2:us-east-1:383798767483:network-acl/acl-09ca6cb35bea1be02",
            "default_network_acl_id": "acl-09ca6cb35bea1be02",
            "egress": [
              {
                "action": "allow",
                "cidr_block": "",
                "from_port": 0,
                "icmp_code": 0,
                "icmp_type": 0,
                "ipv6_cidr_block": "::/0",
                "protocol": "-1",
                "rule_no": 101,
                "to_port": 0
              },
              {
                "action": "allow",
                "cidr_block": "0.0.0.0/0",
                "from_port": 0,
                "icmp_code": 0,
                "icmp_type": 0,
                "ipv6_cidr_block": "",
                "protocol": "-1",
                "rule_no": 100,
                "to_port": 0
              }
            ],
            "id": "acl-09ca6cb35bea1be02",
            "ingress": [
              {
                "action": "allow",
                "cidr_block": "",
                "from_port": 0,
                "icmp_code": 0,
                "icmp_type": 0,
                "ipv6_cidr_block": "::/0",
                "protocol": "-1",
                "rule_no": 101,
                "to_port": 0
              },
              {
                "action": "allow",
                "cidr_block": "0.0.0.0/0",
                "from_port": 0,
                "icmp_code": 0,
                "icmp_type": 0,
                "ipv6_cidr_block": "",
                "protocol": "-1",
                "rule_no": 100,
                "to_port": 0
              }
            ],
            "owner_id": "383798767483",
            "subnet_ids": [
              "subnet-067a254fd39400585",
              "subnet-0a5ce22a42e94afa7",
              "subnet-0b8c91f35adf74ddb",
              "subnet-0bc8a34e5e64a1d3c"
            ],
            "tags": {
              "Name": "dev-mahalohub-vpc"
            },
            "tags_all": {
              "Name": "dev-mahalohub-vpc"
            },
            "vpc_id": "vpc-071c5ea6f5f888c9a"
          },
          "sensitive_attributes": [],
          "private": "bnVsbA==",
          "dependencies": [
            "module.vpc.module.vpc.aws_vpc.this"
          ]
        }
      ]
    },
    {
      "module": "module.vpc.module.vpc",
      "mode": "managed",
      "type": "aws_default_route_table",
      "name": "default",
      "provider": "provider[\"registry.terraform.io/hashicorp/aws\"]",
      "instances": [
        {
          "index_key": 0,
          "schema_version": 0,
          "attributes": {
            "arn": "arn:aws:ec2:us-east-1:383798767483:route-table/rtb-0fb882704d22bb0e0",
            "default_route_table_id": "rtb-0fb882704d22bb0e0",
            "id": "rtb-0fb882704d22bb0e0",
            "owner_id": "383798767483",
            "propagating_vgws": [],
            "route": [],
            "tags": {
              "Name": "dev-mahalohub-vpc"
            },
            "tags_all": {
              "Name": "dev-mahalohub-vpc"
            },
            "timeouts": {
              "create": "5m",
              "update": "5m"
            },
            "vpc_id": "vpc-071c5ea6f5f888c9a"
          },
          "sensitive_attributes": [],
          "private": "eyJlMmJmYjczMC1lY2FhLTExZTYtOGY4OC0zNDM2M2JjN2M0YzAiOnsiY3JlYXRlIjozMDAwMDAwMDAwMDAsInVwZGF0ZSI6MzAwMDAwMDAwMDAwfX0=",
          "dependencies": [
            "module.vpc.module.vpc.aws_vpc.this"
          ]
        }
      ]
    },
    {
      "module": "module.vpc.module.vpc",
      "mode": "managed",
      "type": "aws_default_security_group",
      "name": "this",
      "provider": "provider[\"registry.terraform.io/hashicorp/aws\"]",
      "instances": [
        {
          "index_key": 0,
          "schema_version": 1,
          "attributes": {
            "arn": "arn:aws:ec2:us-east-1:383798767483:security-group/sg-01ebf3bb756d40112",
            "description": "default VPC security group",
            "egress": [],
            "id": "sg-01ebf3bb756d40112",
            "ingress": [],
            "name": "default",
            "name_prefix": "",
            "owner_id": "383798767483",
            "revoke_rules_on_delete": false,
            "tags": {
              "Name": "dev-mahalohub-vpc"
            },
            "tags_all": {
              "Name": "dev-mahalohub-vpc"
            },
            "vpc_id": "vpc-071c5ea6f5f888c9a"
          },
          "sensitive_attributes": [],
          "private": "eyJzY2hlbWFfdmVyc2lvbiI6IjEifQ==",
          "dependencies": [
            "module.vpc.module.vpc.aws_vpc.this"
          ]
        }
      ]
    },
    {
      "module": "module.vpc.module.vpc",
      "mode": "managed",
      "type": "aws_internet_gateway",
      "name": "this",
      "provider": "provider[\"registry.terraform.io/hashicorp/aws\"]",
      "instances": [
        {
          "index_key": 0,
          "schema_version": 0,
          "attributes": {
            "arn": "arn:aws:ec2:us-east-1:383798767483:internet-gateway/igw-042dafd500f863723",
            "id": "igw-042dafd500f863723",
            "owner_id": "383798767483",
            "tags": {
              "Name": "dev-mahalohub-vpc"
            },
            "tags_all": {
              "Name": "dev-mahalohub-vpc"
            },
            "timeouts": null,
            "vpc_id": "vpc-071c5ea6f5f888c9a"
          },
          "sensitive_attributes": [],
          "private": "eyJlMmJmYjczMC1lY2FhLTExZTYtOGY4OC0zNDM2M2JjN2M0YzAiOnsiY3JlYXRlIjoxMjAwMDAwMDAwMDAwLCJkZWxldGUiOjEyMDAwMDAwMDAwMDAsInVwZGF0ZSI6MTIwMDAwMDAwMDAwMH19",
          "dependencies": [
            "module.vpc.module.vpc.aws_vpc.this",
            "module.vpc.module.vpc.aws_vpc_ipv4_cidr_block_association.this"
          ]
        }
      ]
    },
    {
      "module": "module.vpc.module.vpc",
      "mode": "managed",
      "type": "aws_route",
      "name": "public_internet_gateway",
      "provider": "provider[\"registry.terraform.io/hashicorp/aws\"]",
      "instances": [
        {
          "index_key": 0,
          "schema_version": 0,
          "attributes": {
            "carrier_gateway_id": "",
            "core_network_arn": "",
            "destination_cidr_block": "0.0.0.0/0",
            "destination_ipv6_cidr_block": "",
            "destination_prefix_list_id": "",
            "egress_only_gateway_id": "",
            "gateway_id": "igw-042dafd500f863723",
            "id": "r-rtb-019a5c0e59888113e1080289494",
            "instance_id": "",
            "instance_owner_id": "",
            "local_gateway_id": "",
            "nat_gateway_id": "",
            "network_interface_id": "",
            "origin": "CreateRoute",
            "route_table_id": "rtb-019a5c0e59888113e",
            "state": "active",
            "timeouts": {
              "create": "5m",
              "delete": null,
              "update": null
            },
            "transit_gateway_id": "",
            "vpc_endpoint_id": "",
            "vpc_peering_connection_id": ""
          },
          "sensitive_attributes": [],
          "private": "eyJlMmJmYjczMC1lY2FhLTExZTYtOGY4OC0zNDM2M2JjN2M0YzAiOnsiY3JlYXRlIjozMDAwMDAwMDAwMDAsImRlbGV0ZSI6MzAwMDAwMDAwMDAwLCJ1cGRhdGUiOjEyMDAwMDAwMDAwMH19",
          "dependencies": [
            "module.vpc.module.vpc.aws_vpc_ipv4_cidr_block_association.this",
            "module.vpc.module.vpc.aws_internet_gateway.this",
            "module.vpc.module.vpc.aws_route_table.public",
            "module.vpc.module.vpc.aws_vpc.this"
          ]
        }
      ]
    },
    {
      "module": "module.vpc.module.vpc",
      "mode": "managed",
      "type": "aws_route_table",
      "name": "private",
      "provider": "provider[\"registry.terraform.io/hashicorp/aws\"]",
      "instances": [
        {
          "index_key": 0,
          "schema_version": 0,
          "attributes": {
            "arn": "arn:aws:ec2:us-east-1:383798767483:route-table/rtb-07e340578a35ee82e",
            "id": "rtb-07e340578a35ee82e",
            "owner_id": "383798767483",
            "propagating_vgws": [],
            "route": [],
            "tags": {
              "Name": "dev-mahalohub-vpc"
            },
            "tags_all": {
              "Name": "dev-mahalohub-vpc"
            },
            "timeouts": null,
            "vpc_id": "vpc-071c5ea6f5f888c9a"
          },
          "sensitive_attributes": [],
          "private": "eyJlMmJmYjczMC1lY2FhLTExZTYtOGY4OC0zNDM2M2JjN2M0YzAiOnsiY3JlYXRlIjozMDAwMDAwMDAwMDAsImRlbGV0ZSI6MzAwMDAwMDAwMDAwLCJ1cGRhdGUiOjEyMDAwMDAwMDAwMH19",
          "dependencies": [
            "module.vpc.data.aws_availability_zones.available",
            "module.vpc.module.vpc.aws_vpc.this",
            "module.vpc.module.vpc.aws_vpc_ipv4_cidr_block_association.this"
          ]
        },
        {
          "index_key": 1,
          "schema_version": 0,
          "attributes": {
            "arn": "arn:aws:ec2:us-east-1:383798767483:route-table/rtb-070917e94937e7152",
            "id": "rtb-070917e94937e7152",
            "owner_id": "383798767483",
            "propagating_vgws": [],
            "route": [],
            "tags": {
              "Name": "dev-mahalohub-vpc"
            },
            "tags_all": {
              "Name": "dev-mahalohub-vpc"
            },
            "timeouts": null,
            "vpc_id": "vpc-071c5ea6f5f888c9a"
          },
          "sensitive_attributes": [],
          "private": "eyJlMmJmYjczMC1lY2FhLTExZTYtOGY4OC0zNDM2M2JjN2M0YzAiOnsiY3JlYXRlIjozMDAwMDAwMDAwMDAsImRlbGV0ZSI6MzAwMDAwMDAwMDAwLCJ1cGRhdGUiOjEyMDAwMDAwMDAwMH19",
          "dependencies": [
            "module.vpc.data.aws_availability_zones.available",
            "module.vpc.module.vpc.aws_vpc.this",
            "module.vpc.module.vpc.aws_vpc_ipv4_cidr_block_association.this"
          ]
        }
      ]
    },
    {
      "module": "module.vpc.module.vpc",
      "mode": "managed",
      "type": "aws_route_table",
      "name": "public",
      "provider": "provider[\"registry.terraform.io/hashicorp/aws\"]",
      "instances": [
        {
          "index_key": 0,
          "schema_version": 0,
          "attributes": {
            "arn": "arn:aws:ec2:us-east-1:383798767483:route-table/rtb-019a5c0e59888113e",
            "id": "rtb-019a5c0e59888113e",
            "owner_id": "383798767483",
            "propagating_vgws": [],
            "route": [
              {
                "carrier_gateway_id": "",
                "cidr_block": "0.0.0.0/0",
                "core_network_arn": "",
                "destination_prefix_list_id": "",
                "egress_only_gateway_id": "",
                "gateway_id": "igw-042dafd500f863723",
                "ipv6_cidr_block": "",
                "local_gateway_id": "",
                "nat_gateway_id": "",
                "network_interface_id": "",
                "transit_gateway_id": "",
                "vpc_endpoint_id": "",
                "vpc_peering_connection_id": ""
              }
            ],
            "tags": {
              "Name": "dev-mahalohub-vpc"
            },
            "tags_all": {
              "Name": "dev-mahalohub-vpc"
            },
            "timeouts": null,
            "vpc_id": "vpc-071c5ea6f5f888c9a"
          },
          "sensitive_attributes": [],
          "private": "eyJlMmJmYjczMC1lY2FhLTExZTYtOGY4OC0zNDM2M2JjN2M0YzAiOnsiY3JlYXRlIjozMDAwMDAwMDAwMDAsImRlbGV0ZSI6MzAwMDAwMDAwMDAwLCJ1cGRhdGUiOjEyMDAwMDAwMDAwMH19",
          "dependencies": [
            "module.vpc.module.vpc.aws_vpc.this",
            "module.vpc.module.vpc.aws_vpc_ipv4_cidr_block_association.this"
          ]
        }
      ]
    },
    {
      "module": "module.vpc.module.vpc",
      "mode": "managed",
      "type": "aws_route_table_association",
      "name": "private",
      "provider": "provider[\"registry.terraform.io/hashicorp/aws\"]",
      "instances": [
        {
          "index_key": 0,
          "schema_version": 0,
          "attributes": {
            "gateway_id": "",
            "id": "rtbassoc-07ef019cb9f9bb428",
            "route_table_id": "rtb-07e340578a35ee82e",
            "subnet_id": "subnet-0bc8a34e5e64a1d3c",
            "timeouts": null
          },
          "sensitive_attributes": [],
          "private": "eyJlMmJmYjczMC1lY2FhLTExZTYtOGY4OC0zNDM2M2JjN2M0YzAiOnsiY3JlYXRlIjozMDAwMDAwMDAwMDAsImRlbGV0ZSI6MzAwMDAwMDAwMDAwLCJ1cGRhdGUiOjEyMDAwMDAwMDAwMH19",
          "dependencies": [
            "module.vpc.module.vpc.aws_subnet.private",
            "module.vpc.module.vpc.aws_vpc.this",
            "module.vpc.module.vpc.aws_vpc_ipv4_cidr_block_association.this",
            "module.vpc.data.aws_availability_zones.available",
            "module.vpc.module.vpc.aws_route_table.private"
          ]
        },
        {
          "index_key": 1,
          "schema_version": 0,
          "attributes": {
            "gateway_id": "",
            "id": "rtbassoc-0a28f4cd50333ebd4",
            "route_table_id": "rtb-070917e94937e7152",
            "subnet_id": "subnet-0b8c91f35adf74ddb",
            "timeouts": null
          },
          "sensitive_attributes": [],
          "private": "eyJlMmJmYjczMC1lY2FhLTExZTYtOGY4OC0zNDM2M2JjN2M0YzAiOnsiY3JlYXRlIjozMDAwMDAwMDAwMDAsImRlbGV0ZSI6MzAwMDAwMDAwMDAwLCJ1cGRhdGUiOjEyMDAwMDAwMDAwMH19",
          "dependencies": [
            "module.vpc.module.vpc.aws_vpc.this",
            "module.vpc.module.vpc.aws_vpc_ipv4_cidr_block_association.this",
            "module.vpc.data.aws_availability_zones.available",
            "module.vpc.module.vpc.aws_route_table.private",
            "module.vpc.module.vpc.aws_subnet.private"
          ]
        }
      ]
    },
    {
      "module": "module.vpc.module.vpc",
      "mode": "managed",
      "type": "aws_route_table_association",
      "name": "public",
      "provider": "provider[\"registry.terraform.io/hashicorp/aws\"]",
      "instances": [
        {
          "index_key": 0,
          "schema_version": 0,
          "attributes": {
            "gateway_id": "",
            "id": "rtbassoc-0734776fb6399dee9",
            "route_table_id": "rtb-019a5c0e59888113e",
            "subnet_id": "subnet-067a254fd39400585",
            "timeouts": null
          },
          "sensitive_attributes": [],
          "private": "eyJlMmJmYjczMC1lY2FhLTExZTYtOGY4OC0zNDM2M2JjN2M0YzAiOnsiY3JlYXRlIjozMDAwMDAwMDAwMDAsImRlbGV0ZSI6MzAwMDAwMDAwMDAwLCJ1cGRhdGUiOjEyMDAwMDAwMDAwMH19",
          "dependencies": [
            "module.vpc.data.aws_availability_zones.available",
            "module.vpc.module.vpc.aws_route_table.public",
            "module.vpc.module.vpc.aws_subnet.public",
            "module.vpc.module.vpc.aws_vpc.this",
            "module.vpc.module.vpc.aws_vpc_ipv4_cidr_block_association.this"
          ]
        },
        {
          "index_key": 1,
          "schema_version": 0,
          "attributes": {
            "gateway_id": "",
            "id": "rtbassoc-0052a17091400a3ad",
            "route_table_id": "rtb-019a5c0e59888113e",
            "subnet_id": "subnet-0a5ce22a42e94afa7",
            "timeouts": null
          },
          "sensitive_attributes": [],
          "private": "eyJlMmJmYjczMC1lY2FhLTExZTYtOGY4OC0zNDM2M2JjN2M0YzAiOnsiY3JlYXRlIjozMDAwMDAwMDAwMDAsImRlbGV0ZSI6MzAwMDAwMDAwMDAwLCJ1cGRhdGUiOjEyMDAwMDAwMDAwMH19",
          "dependencies": [
            "module.vpc.module.vpc.aws_vpc_ipv4_cidr_block_association.this",
            "module.vpc.data.aws_availability_zones.available",
            "module.vpc.module.vpc.aws_route_table.public",
            "module.vpc.module.vpc.aws_subnet.public",
            "module.vpc.module.vpc.aws_vpc.this"
          ]
        }
      ]
    },
    {
      "module": "module.vpc.module.vpc",
      "mode": "managed",
      "type": "aws_subnet",
      "name": "private",
      "provider": "provider[\"registry.terraform.io/hashicorp/aws\"]",
      "instances": [
        {
          "index_key": 0,
          "schema_version": 1,
          "attributes": {
            "arn": "arn:aws:ec2:us-east-1:383798767483:subnet/subnet-0bc8a34e5e64a1d3c",
            "assign_ipv6_address_on_creation": false,
            "availability_zone": "us-east-1a",
            "availability_zone_id": "use1-az6",
            "cidr_block": "10.0.40.0/24",
            "customer_owned_ipv4_pool": "",
            "enable_dns64": false,
            "enable_lni_at_device_index": 0,
            "enable_resource_name_dns_a_record_on_launch": false,
            "enable_resource_name_dns_aaaa_record_on_launch": false,
            "id": "subnet-0bc8a34e5e64a1d3c",
            "ipv6_cidr_block": "",
            "ipv6_cidr_block_association_id": "",
            "ipv6_native": false,
            "map_customer_owned_ip_on_launch": false,
            "map_public_ip_on_launch": false,
            "outpost_arn": "",
            "owner_id": "383798767483",
            "private_dns_hostname_type_on_launch": "ip-name",
            "tags": {
              "Name": "dev-mahalohub-vpc"
            },
            "tags_all": {
              "Name": "dev-mahalohub-vpc"
            },
            "timeouts": null,
            "vpc_id": "vpc-071c5ea6f5f888c9a"
          },
          "sensitive_attributes": [],
          "private": "eyJlMmJmYjczMC1lY2FhLTExZTYtOGY4OC0zNDM2M2JjN2M0YzAiOnsiY3JlYXRlIjo2MDAwMDAwMDAwMDAsImRlbGV0ZSI6MTIwMDAwMDAwMDAwMH0sInNjaGVtYV92ZXJzaW9uIjoiMSJ9",
          "dependencies": [
            "module.vpc.data.aws_availability_zones.available",
            "module.vpc.module.vpc.aws_vpc.this",
            "module.vpc.module.vpc.aws_vpc_ipv4_cidr_block_association.this"
          ]
        },
        {
          "index_key": 1,
          "schema_version": 1,
          "attributes": {
            "arn": "arn:aws:ec2:us-east-1:383798767483:subnet/subnet-0b8c91f35adf74ddb",
            "assign_ipv6_address_on_creation": false,
            "availability_zone": "us-east-1b",
            "availability_zone_id": "use1-az1",
            "cidr_block": "10.0.48.0/24",
            "customer_owned_ipv4_pool": "",
            "enable_dns64": false,
            "enable_lni_at_device_index": 0,
            "enable_resource_name_dns_a_record_on_launch": false,
            "enable_resource_name_dns_aaaa_record_on_launch": false,
            "id": "subnet-0b8c91f35adf74ddb",
            "ipv6_cidr_block": "",
            "ipv6_cidr_block_association_id": "",
            "ipv6_native": false,
            "map_customer_owned_ip_on_launch": false,
            "map_public_ip_on_launch": false,
            "outpost_arn": "",
            "owner_id": "383798767483",
            "private_dns_hostname_type_on_launch": "ip-name",
            "tags": {
              "Name": "dev-mahalohub-vpc"
            },
            "tags_all": {
              "Name": "dev-mahalohub-vpc"
            },
            "timeouts": null,
            "vpc_id": "vpc-071c5ea6f5f888c9a"
          },
          "sensitive_attributes": [],
          "private": "eyJlMmJmYjczMC1lY2FhLTExZTYtOGY4OC0zNDM2M2JjN2M0YzAiOnsiY3JlYXRlIjo2MDAwMDAwMDAwMDAsImRlbGV0ZSI6MTIwMDAwMDAwMDAwMH0sInNjaGVtYV92ZXJzaW9uIjoiMSJ9",
          "dependencies": [
            "module.vpc.module.vpc.aws_vpc_ipv4_cidr_block_association.this",
            "module.vpc.data.aws_availability_zones.available",
            "module.vpc.module.vpc.aws_vpc.this"
          ]
        }
      ]
    },
    {
      "module": "module.vpc.module.vpc",
      "mode": "managed",
      "type": "aws_subnet",
      "name": "public",
      "provider": "provider[\"registry.terraform.io/hashicorp/aws\"]",
      "instances": [
        {
          "index_key": 0,
          "schema_version": 1,
          "attributes": {
            "arn": "arn:aws:ec2:us-east-1:383798767483:subnet/subnet-067a254fd39400585",
            "assign_ipv6_address_on_creation": false,
            "availability_zone": "us-east-1a",
            "availability_zone_id": "use1-az6",
            "cidr_block": "10.0.0.0/24",
            "customer_owned_ipv4_pool": "",
            "enable_dns64": false,
            "enable_lni_at_device_index": 0,
            "enable_resource_name_dns_a_record_on_launch": false,
            "enable_resource_name_dns_aaaa_record_on_launch": false,
            "id": "subnet-067a254fd39400585",
            "ipv6_cidr_block": "",
            "ipv6_cidr_block_association_id": "",
            "ipv6_native": false,
            "map_customer_owned_ip_on_launch": false,
            "map_public_ip_on_launch": false,
            "outpost_arn": "",
            "owner_id": "383798767483",
            "private_dns_hostname_type_on_launch": "ip-name",
            "tags": {
              "Name": "dev-mahalohub-vpc"
            },
            "tags_all": {
              "Name": "dev-mahalohub-vpc"
            },
            "timeouts": null,
            "vpc_id": "vpc-071c5ea6f5f888c9a"
          },
          "sensitive_attributes": [],
          "private": "eyJlMmJmYjczMC1lY2FhLTExZTYtOGY4OC0zNDM2M2JjN2M0YzAiOnsiY3JlYXRlIjo2MDAwMDAwMDAwMDAsImRlbGV0ZSI6MTIwMDAwMDAwMDAwMH0sInNjaGVtYV92ZXJzaW9uIjoiMSJ9",
          "dependencies": [
            "module.vpc.data.aws_availability_zones.available",
            "module.vpc.module.vpc.aws_vpc.this",
            "module.vpc.module.vpc.aws_vpc_ipv4_cidr_block_association.this"
          ]
        },
        {
          "index_key": 1,
          "schema_version": 1,
          "attributes": {
            "arn": "arn:aws:ec2:us-east-1:383798767483:subnet/subnet-0a5ce22a42e94afa7",
            "assign_ipv6_address_on_creation": false,
            "availability_zone": "us-east-1b",
            "availability_zone_id": "use1-az1",
            "cidr_block": "10.0.8.0/24",
            "customer_owned_ipv4_pool": "",
            "enable_dns64": false,
            "enable_lni_at_device_index": 0,
            "enable_resource_name_dns_a_record_on_launch": false,
            "enable_resource_name_dns_aaaa_record_on_launch": false,
            "id": "subnet-0a5ce22a42e94afa7",
            "ipv6_cidr_block": "",
            "ipv6_cidr_block_association_id": "",
            "ipv6_native": false,
            "map_customer_owned_ip_on_launch": false,
            "map_public_ip_on_launch": false,
            "outpost_arn": "",
            "owner_id": "383798767483",
            "private_dns_hostname_type_on_launch": "ip-name",
            "tags": {
              "Name": "dev-mahalohub-vpc"
            },
            "tags_all": {
              "Name": "dev-mahalohub-vpc"
            },
            "timeouts": null,
            "vpc_id": "vpc-071c5ea6f5f888c9a"
          },
          "sensitive_attributes": [],
          "private": "eyJlMmJmYjczMC1lY2FhLTExZTYtOGY4OC0zNDM2M2JjN2M0YzAiOnsiY3JlYXRlIjo2MDAwMDAwMDAwMDAsImRlbGV0ZSI6MTIwMDAwMDAwMDAwMH0sInNjaGVtYV92ZXJzaW9uIjoiMSJ9",
          "dependencies": [
            "module.vpc.data.aws_availability_zones.available",
            "module.vpc.module.vpc.aws_vpc.this",
            "module.vpc.module.vpc.aws_vpc_ipv4_cidr_block_association.this"
          ]
        }
      ]
    },
    {
      "module": "module.vpc.module.vpc",
      "mode": "managed",
      "type": "aws_vpc",
      "name": "this",
      "provider": "provider[\"registry.terraform.io/hashicorp/aws\"]",
      "instances": [
        {
          "index_key": 0,
          "schema_version": 1,
          "attributes": {
            "arn": "arn:aws:ec2:us-east-1:383798767483:vpc/vpc-071c5ea6f5f888c9a",
            "assign_generated_ipv6_cidr_block": false,
            "cidr_block": "10.0.0.0/16",
            "default_network_acl_id": "acl-09ca6cb35bea1be02",
            "default_route_table_id": "rtb-0fb882704d22bb0e0",
            "default_security_group_id": "sg-01ebf3bb756d40112",
            "dhcp_options_id": "dopt-062bea80943e23dc4",
            "enable_dns_hostnames": true,
            "enable_dns_support": true,
            "enable_network_address_usage_metrics": false,
            "id": "vpc-071c5ea6f5f888c9a",
            "instance_tenancy": "default",
            "ipv4_ipam_pool_id": null,
            "ipv4_netmask_length": null,
            "ipv6_association_id": "",
            "ipv6_cidr_block": "",
            "ipv6_cidr_block_network_border_group": "",
            "ipv6_ipam_pool_id": "",
            "ipv6_netmask_length": 0,
            "main_route_table_id": "rtb-0fb882704d22bb0e0",
            "owner_id": "383798767483",
            "tags": {
              "Name": "dev-mahalohub-vpc"
            },
            "tags_all": {
              "Name": "dev-mahalohub-vpc"
            }
          },
          "sensitive_attributes": [],
          "private": "eyJzY2hlbWFfdmVyc2lvbiI6IjEifQ==",
          "create_before_destroy": true
        }
      ]
    }
  ]
}
